// !$*UTF8*$!
{
	archiveVersion = 1;
	classes = {
	};
	objectVersion = 46;
	objects = {

/* Begin PBXBuildFile section */
		CA33AA8F1CA3CD1D005246C3 /* ARDVideoCallView.m in Sources */ = {isa = PBXBuildFile; fileRef = CA33AA7C1CA3CD1D005246C3 /* ARDVideoCallView.m */; };
		CA33AA901CA3CD1D005246C3 /* call_icon36.png in Resources */ = {isa = PBXBuildFile; fileRef = CA33AA7F1CA3CD1D005246C3 /* call_icon36.png */; };
		CA33AA911CA3CD1D005246C3 /* chat_close.png in Resources */ = {isa = PBXBuildFile; fileRef = CA33AA801CA3CD1D005246C3 /* chat_close.png */; };
		CA33AA921CA3CD1D005246C3 /* chat_maximize.png in Resources */ = {isa = PBXBuildFile; fileRef = CA33AA811CA3CD1D005246C3 /* chat_maximize.png */; };
		CA33AA931CA3CD1D005246C3 /* chat_minimize.png in Resources */ = {isa = PBXBuildFile; fileRef = CA33AA821CA3CD1D005246C3 /* chat_minimize.png */; };
		CA33AA941CA3CD1D005246C3 /* maximize.png in Resources */ = {isa = PBXBuildFile; fileRef = CA33AA831CA3CD1D005246C3 /* maximize.png */; };
		CA33AA951CA3CD1D005246C3 /* message_send.png in Resources */ = {isa = PBXBuildFile; fileRef = CA33AA841CA3CD1D005246C3 /* message_send.png */; };
		CA33AA961CA3CD1D005246C3 /* minimize.png in Resources */ = {isa = PBXBuildFile; fileRef = CA33AA851CA3CD1D005246C3 /* minimize.png */; };
		CA33AA971CA3CD1D005246C3 /* receivecall.png in Resources */ = {isa = PBXBuildFile; fileRef = CA33AA861CA3CD1D005246C3 /* receivecall.png */; };
		CA33AA981CA3CD1D005246C3 /* speaker_icon36.png in Resources */ = {isa = PBXBuildFile; fileRef = CA33AA871CA3CD1D005246C3 /* speaker_icon36.png */; };
		CA33AA991CA3CD1D005246C3 /* speaker_mute.png in Resources */ = {isa = PBXBuildFile; fileRef = CA33AA881CA3CD1D005246C3 /* speaker_mute.png */; };
		CA33AA9A1CA3CD1D005246C3 /* InstantMessageView.xib in Resources */ = {isa = PBXBuildFile; fileRef = CA33AA891CA3CD1D005246C3 /* InstantMessageView.xib */; };
		CA33AA9B1CA3CD1D005246C3 /* RCCustomChatAndVideoView.m in Sources */ = {isa = PBXBuildFile; fileRef = CA33AA8B1CA3CD1D005246C3 /* RCCustomChatAndVideoView.m */; };
		CA33AA9C1CA3CD1D005246C3 /* RCManager.m in Sources */ = {isa = PBXBuildFile; fileRef = CA33AA8D1CA3CD1D005246C3 /* RCManager.m */; };
		CA33AA9D1CA3CD1D005246C3 /* VideoChatView.xib in Resources */ = {isa = PBXBuildFile; fileRef = CA33AA8E1CA3CD1D005246C3 /* VideoChatView.xib */; };
		CA6558941C7066BC00226F9E /* main.m in Sources */ = {isa = PBXBuildFile; fileRef = CA6558931C7066BC00226F9E /* main.m */; };
		CA6558971C7066BC00226F9E /* AppDelegate.m in Sources */ = {isa = PBXBuildFile; fileRef = CA6558961C7066BC00226F9E /* AppDelegate.m */; };
		CA65589A1C7066BC00226F9E /* ViewController.mm in Sources */ = {isa = PBXBuildFile; fileRef = CA6558991C7066BC00226F9E /* ViewController.mm */; };
		CA65589D1C7066BC00226F9E /* Main.storyboard in Resources */ = {isa = PBXBuildFile; fileRef = CA65589B1C7066BC00226F9E /* Main.storyboard */; };
		CA65589F1C7066BC00226F9E /* Assets.xcassets in Resources */ = {isa = PBXBuildFile; fileRef = CA65589E1C7066BC00226F9E /* Assets.xcassets */; };
		CA6558A21C7066BC00226F9E /* LaunchScreen.storyboard in Resources */ = {isa = PBXBuildFile; fileRef = CA6558A01C7066BC00226F9E /* LaunchScreen.storyboard */; };
		CA6558AD1C7066BC00226F9E /* AgentWebRTCTests.m in Sources */ = {isa = PBXBuildFile; fileRef = CA6558AC1C7066BC00226F9E /* AgentWebRTCTests.m */; };
		CA6558B81C7066BC00226F9E /* AgentWebRTCUITests.m in Sources */ = {isa = PBXBuildFile; fileRef = CA6558B71C7066BC00226F9E /* AgentWebRTCUITests.m */; };
		CA6558C71C706A4C00226F9E /* SpanLogo241.png in Resources */ = {isa = PBXBuildFile; fileRef = CA6558C61C706A4C00226F9E /* SpanLogo241.png */; };
		CA6558CA1C706AB700226F9E /* AgentOneViewController.m in Sources */ = {isa = PBXBuildFile; fileRef = CA6558C91C706AB700226F9E /* AgentOneViewController.m */; };
		CA6558CD1C706ACF00226F9E /* AgentTwoViewController.m in Sources */ = {isa = PBXBuildFile; fileRef = CA6558CC1C706ACF00226F9E /* AgentTwoViewController.m */; };
		CA6558D01C706C0F00226F9E /* dashboard_tab.jpg in Resources */ = {isa = PBXBuildFile; fileRef = CA6558CE1C706C0F00226F9E /* dashboard_tab.jpg */; };
		CA6558D11C706C0F00226F9E /* Videocall.jpg in Resources */ = {isa = PBXBuildFile; fileRef = CA6558CF1C706C0F00226F9E /* Videocall.jpg */; };
		CA6558E11C706E6700226F9E /* contact.png in Resources */ = {isa = PBXBuildFile; fileRef = CA6558D21C706E6700226F9E /* contact.png */; };
		CA6558E21C706E6700226F9E /* electronic.png in Resources */ = {isa = PBXBuildFile; fileRef = CA6558D31C706E6700226F9E /* electronic.png */; };
		CA6558E31C706E6700226F9E /* endcall.png in Resources */ = {isa = PBXBuildFile; fileRef = CA6558D41C706E6700226F9E /* endcall.png */; };
		CA6558E41C706E6700226F9E /* location.png in Resources */ = {isa = PBXBuildFile; fileRef = CA6558D51C706E6700226F9E /* location.png */; };
		CA6558E51C706E6700226F9E /* login.png in Resources */ = {isa = PBXBuildFile; fileRef = CA6558D61C706E6700226F9E /* login.png */; };
		CA6558E61C706E6700226F9E /* mobile.png in Resources */ = {isa = PBXBuildFile; fileRef = CA6558D71C706E6700226F9E /* mobile.png */; };
		CA6558E71C706E6700226F9E /* password.png in Resources */ = {isa = PBXBuildFile; fileRef = CA6558D81C706E6700226F9E /* password.png */; };
		CA6558E81C706E6700226F9E /* profile.png in Resources */ = {isa = PBXBuildFile; fileRef = CA6558D91C706E6700226F9E /* profile.png */; };
		CA6558E91C706E6700226F9E /* profile2.png in Resources */ = {isa = PBXBuildFile; fileRef = CA6558DA1C706E6700226F9E /* profile2.png */; };
		CA6558EA1C706E6700226F9E /* profile3.png in Resources */ = {isa = PBXBuildFile; fileRef = CA6558DB1C706E6700226F9E /* profile3.png */; };
		CA6558EB1C706E6700226F9E /* profilepic.png in Resources */ = {isa = PBXBuildFile; fileRef = CA6558DC1C706E6700226F9E /* profilepic.png */; };
		CA6558EC1C706E6700226F9E /* profilepic2.png in Resources */ = {isa = PBXBuildFile; fileRef = CA6558DD1C706E6700226F9E /* profilepic2.png */; };
		CA6558ED1C706E6700226F9E /* proflie1.png in Resources */ = {isa = PBXBuildFile; fileRef = CA6558DE1C706E6700226F9E /* proflie1.png */; };
		CA6558EE1C706E6700226F9E /* speaker.png in Resources */ = {isa = PBXBuildFile; fileRef = CA6558DF1C706E6700226F9E /* speaker.png */; };
		CA6558EF1C706E6700226F9E /* username.png in Resources */ = {isa = PBXBuildFile; fileRef = CA6558E01C706E6700226F9E /* username.png */; };
		CAA7BBD41C7202D000AFB761 /* UIKit.framework in Frameworks */ = {isa = PBXBuildFile; fileRef = CAA7BBD31C7202D000AFB761 /* UIKit.framework */; };
		CAA7BBD61C7202DC00AFB761 /* Foundation.framework in Frameworks */ = {isa = PBXBuildFile; fileRef = CAA7BBD51C7202DC00AFB761 /* Foundation.framework */; };
		CAA7BBD81C7202E800AFB761 /* QuartzCore.framework in Frameworks */ = {isa = PBXBuildFile; fileRef = CAA7BBD71C7202E800AFB761 /* QuartzCore.framework */; };
		CAA7BBDA1C7202F300AFB761 /* OpenGLES.framework in Frameworks */ = {isa = PBXBuildFile; fileRef = CAA7BBD91C7202F300AFB761 /* OpenGLES.framework */; };
		CAA7BBDC1C7202FB00AFB761 /* GLKit.framework in Frameworks */ = {isa = PBXBuildFile; fileRef = CAA7BBDB1C7202FB00AFB761 /* GLKit.framework */; };
		CAA7BBDE1C72030400AFB761 /* AudioToolbox.framework in Frameworks */ = {isa = PBXBuildFile; fileRef = CAA7BBDD1C72030400AFB761 /* AudioToolbox.framework */; };
		CAA7BBE01C72030F00AFB761 /* CoreAudio.framework in Frameworks */ = {isa = PBXBuildFile; fileRef = CAA7BBDF1C72030F00AFB761 /* CoreAudio.framework */; };
		CAA7BBE21C72031A00AFB761 /* CoreFoundation.framework in Frameworks */ = {isa = PBXBuildFile; fileRef = CAA7BBE11C72031A00AFB761 /* CoreFoundation.framework */; };
		CAA7BBE41C72032300AFB761 /* AssetsLibrary.framework in Frameworks */ = {isa = PBXBuildFile; fileRef = CAA7BBE31C72032300AFB761 /* AssetsLibrary.framework */; };
		CAA7BBE61C72032C00AFB761 /* AVFoundation.framework in Frameworks */ = {isa = PBXBuildFile; fileRef = CAA7BBE51C72032C00AFB761 /* AVFoundation.framework */; };
		CAA7BBE81C72033600AFB761 /* VideoToolbox.framework in Frameworks */ = {isa = PBXBuildFile; fileRef = CAA7BBE71C72033600AFB761 /* VideoToolbox.framework */; };
		CAA7BBEC1C7207FC00AFB761 /* libRestCommClient.a in Frameworks */ = {isa = PBXBuildFile; fileRef = CAA7BBEB1C7207FC00AFB761 /* libRestCommClient.a */; };
		CAA7BBF01C72082600AFB761 /* libssl.a in Frameworks */ = {isa = PBXBuildFile; fileRef = CAA7BBEE1C72082500AFB761 /* libssl.a */; };
		CAA7BBF21C72083900AFB761 /* libsofia-sip-ua.a in Frameworks */ = {isa = PBXBuildFile; fileRef = CAA7BBF11C72083900AFB761 /* libsofia-sip-ua.a */; };
		CAA7BBF51C72086200AFB761 /* libresolv.9.dylib in Frameworks */ = {isa = PBXBuildFile; fileRef = CAA7BBF31C72086200AFB761 /* libresolv.9.dylib */; };
		CAA7BBF61C72086200AFB761 /* libsqlite3.dylib in Frameworks */ = {isa = PBXBuildFile; fileRef = CAA7BBF41C72086200AFB761 /* libsqlite3.dylib */; };
		CAA7BBF81C72092900AFB761 /* SystemConfiguration.framework in Frameworks */ = {isa = PBXBuildFile; fileRef = CAA7BBF71C72092900AFB761 /* SystemConfiguration.framework */; };
		CAA7BBFA1C72094300AFB761 /* CoreMedia.framework in Frameworks */ = {isa = PBXBuildFile; fileRef = CAA7BBF91C72094300AFB761 /* CoreMedia.framework */; };
		CAA7BBFC1C72094B00AFB761 /* CoreMotion.framework in Frameworks */ = {isa = PBXBuildFile; fileRef = CAA7BBFB1C72094B00AFB761 /* CoreMotion.framework */; };
		CAA7BC001C720B8B00AFB761 /* libcrypto.a in Frameworks */ = {isa = PBXBuildFile; fileRef = CAA7BBFF1C720B8B00AFB761 /* libcrypto.a */; };
		CAA7BC101C72110500AFB761 /* libWebRTC-9190.a in Frameworks */ = {isa = PBXBuildFile; fileRef = CAA7BC0F1C72110500AFB761 /* libWebRTC-9190.a */; };
		CAA7BC151C7215BA00AFB761 /* libTestFairy.a in Frameworks */ = {isa = PBXBuildFile; fileRef = CAA7BC121C7215BA00AFB761 /* libTestFairy.a */; };
		CAA7BC161C7215BA00AFB761 /* upload-dsym.sh in Resources */ = {isa = PBXBuildFile; fileRef = CAA7BC141C7215BA00AFB761 /* upload-dsym.sh */; };
		CAA7BC221C72C92300AFB761 /* calling.mp3 in Resources */ = {isa = PBXBuildFile; fileRef = CAA7BC1F1C72C92300AFB761 /* calling.mp3 */; };
		CAA7BC231C72C92300AFB761 /* message.mp3 in Resources */ = {isa = PBXBuildFile; fileRef = CAA7BC201C72C92300AFB761 /* message.mp3 */; };
		CAA7BC241C72C92300AFB761 /* ringing.mp3 in Resources */ = {isa = PBXBuildFile; fileRef = CAA7BC211C72C92300AFB761 /* ringing.mp3 */; };
		CAA7BC291C730DF500AFB761 /* available.png in Resources */ = {isa = PBXBuildFile; fileRef = CAA7BC251C730DF500AFB761 /* available.png */; };
		CAA7BC2A1C730DF500AFB761 /* calldropped.png in Resources */ = {isa = PBXBuildFile; fileRef = CAA7BC261C730DF500AFB761 /* calldropped.png */; };
		CAA7BC2B1C730DF500AFB761 /* callsattended.png in Resources */ = {isa = PBXBuildFile; fileRef = CAA7BC271C730DF500AFB761 /* callsattended.png */; };
		CAA7BC2C1C730DF500AFB761 /* callsinqueue.png in Resources */ = {isa = PBXBuildFile; fileRef = CAA7BC281C730DF500AFB761 /* callsinqueue.png */; };
		CAA7BC2E1C730EBC00AFB761 /* noofcalls.png in Resources */ = {isa = PBXBuildFile; fileRef = CAA7BC2D1C730EBC00AFB761 /* noofcalls.png */; };
		CAB2B6571C75D28B00D442FB /* Settings-48.png in Resources */ = {isa = PBXBuildFile; fileRef = CAB2B6561C75D28B00D442FB /* Settings-48.png */; };
		CAF13ED41C76EBA8003E4988 /* back_icon36.png in Resources */ = {isa = PBXBuildFile; fileRef = CAF13ED31C76EBA8003E4988 /* back_icon36.png */; };
/* End PBXBuildFile section */

/* Begin PBXContainerItemProxy section */
		CA6558A91C7066BC00226F9E /* PBXContainerItemProxy */ = {
			isa = PBXContainerItemProxy;
			containerPortal = CA6558871C7066BC00226F9E /* Project object */;
			proxyType = 1;
			remoteGlobalIDString = CA65588E1C7066BC00226F9E;
			remoteInfo = AgentWebRTC;
		};
		CA6558B41C7066BC00226F9E /* PBXContainerItemProxy */ = {
			isa = PBXContainerItemProxy;
			containerPortal = CA6558871C7066BC00226F9E /* Project object */;
			proxyType = 1;
			remoteGlobalIDString = CA65588E1C7066BC00226F9E;
			remoteInfo = AgentWebRTC;
		};
/* End PBXContainerItemProxy section */

/* Begin PBXFileReference section */
		CA33AA7B1CA3CD1D005246C3 /* ARDVideoCallView.h */ = {isa = PBXFileReference; fileEncoding = 4; lastKnownFileType = sourcecode.c.h; path = ARDVideoCallView.h; sourceTree = "<group>"; };
		CA33AA7C1CA3CD1D005246C3 /* ARDVideoCallView.m */ = {isa = PBXFileReference; fileEncoding = 4; lastKnownFileType = sourcecode.c.objc; path = ARDVideoCallView.m; sourceTree = "<group>"; };
		CA33AA7D1CA3CD1D005246C3 /* Constants.h */ = {isa = PBXFileReference; fileEncoding = 4; lastKnownFileType = sourcecode.c.h; path = Constants.h; sourceTree = "<group>"; };
		CA33AA7F1CA3CD1D005246C3 /* call_icon36.png */ = {isa = PBXFileReference; lastKnownFileType = image.png; path = call_icon36.png; sourceTree = "<group>"; };
		CA33AA801CA3CD1D005246C3 /* chat_close.png */ = {isa = PBXFileReference; lastKnownFileType = image.png; path = chat_close.png; sourceTree = "<group>"; };
		CA33AA811CA3CD1D005246C3 /* chat_maximize.png */ = {isa = PBXFileReference; lastKnownFileType = image.png; path = chat_maximize.png; sourceTree = "<group>"; };
		CA33AA821CA3CD1D005246C3 /* chat_minimize.png */ = {isa = PBXFileReference; lastKnownFileType = image.png; path = chat_minimize.png; sourceTree = "<group>"; };
		CA33AA831CA3CD1D005246C3 /* maximize.png */ = {isa = PBXFileReference; lastKnownFileType = image.png; path = maximize.png; sourceTree = "<group>"; };
		CA33AA841CA3CD1D005246C3 /* message_send.png */ = {isa = PBXFileReference; lastKnownFileType = image.png; path = message_send.png; sourceTree = "<group>"; };
		CA33AA851CA3CD1D005246C3 /* minimize.png */ = {isa = PBXFileReference; lastKnownFileType = image.png; path = minimize.png; sourceTree = "<group>"; };
		CA33AA861CA3CD1D005246C3 /* receivecall.png */ = {isa = PBXFileReference; lastKnownFileType = image.png; path = receivecall.png; sourceTree = "<group>"; };
		CA33AA871CA3CD1D005246C3 /* speaker_icon36.png */ = {isa = PBXFileReference; lastKnownFileType = image.png; path = speaker_icon36.png; sourceTree = "<group>"; };
		CA33AA881CA3CD1D005246C3 /* speaker_mute.png */ = {isa = PBXFileReference; lastKnownFileType = image.png; path = speaker_mute.png; sourceTree = "<group>"; };
		CA33AA891CA3CD1D005246C3 /* InstantMessageView.xib */ = {isa = PBXFileReference; fileEncoding = 4; lastKnownFileType = file.xib; path = InstantMessageView.xib; sourceTree = "<group>"; };
		CA33AA8A1CA3CD1D005246C3 /* RCCustomChatAndVideoView.h */ = {isa = PBXFileReference; fileEncoding = 4; lastKnownFileType = sourcecode.c.h; path = RCCustomChatAndVideoView.h; sourceTree = "<group>"; };
		CA33AA8B1CA3CD1D005246C3 /* RCCustomChatAndVideoView.m */ = {isa = PBXFileReference; fileEncoding = 4; lastKnownFileType = sourcecode.c.objc; path = RCCustomChatAndVideoView.m; sourceTree = "<group>"; };
		CA33AA8C1CA3CD1D005246C3 /* RCManager.h */ = {isa = PBXFileReference; fileEncoding = 4; lastKnownFileType = sourcecode.c.h; path = RCManager.h; sourceTree = "<group>"; };
		CA33AA8D1CA3CD1D005246C3 /* RCManager.m */ = {isa = PBXFileReference; fileEncoding = 4; lastKnownFileType = sourcecode.c.objc; path = RCManager.m; sourceTree = "<group>"; };
		CA33AA8E1CA3CD1D005246C3 /* VideoChatView.xib */ = {isa = PBXFileReference; fileEncoding = 4; lastKnownFileType = file.xib; path = VideoChatView.xib; sourceTree = "<group>"; };
		CA65588F1C7066BC00226F9E /* MayDayAgent.app */ = {isa = PBXFileReference; explicitFileType = wrapper.application; includeInIndex = 0; path = MayDayAgent.app; sourceTree = BUILT_PRODUCTS_DIR; };
		CA6558931C7066BC00226F9E /* main.m */ = {isa = PBXFileReference; lastKnownFileType = sourcecode.c.objc; path = main.m; sourceTree = "<group>"; };
		CA6558951C7066BC00226F9E /* AppDelegate.h */ = {isa = PBXFileReference; lastKnownFileType = sourcecode.c.h; path = AppDelegate.h; sourceTree = "<group>"; };
		CA6558961C7066BC00226F9E /* AppDelegate.m */ = {isa = PBXFileReference; lastKnownFileType = sourcecode.c.objc; path = AppDelegate.m; sourceTree = "<group>"; };
		CA6558981C7066BC00226F9E /* ViewController.h */ = {isa = PBXFileReference; lastKnownFileType = sourcecode.c.h; path = ViewController.h; sourceTree = "<group>"; };
		CA6558991C7066BC00226F9E /* ViewController.mm */ = {isa = PBXFileReference; lastKnownFileType = sourcecode.cpp.objcpp; path = ViewController.mm; sourceTree = "<group>"; };
		CA65589C1C7066BC00226F9E /* Base */ = {isa = PBXFileReference; lastKnownFileType = file.storyboard; name = Base; path = Base.lproj/Main.storyboard; sourceTree = "<group>"; };
		CA65589E1C7066BC00226F9E /* Assets.xcassets */ = {isa = PBXFileReference; lastKnownFileType = folder.assetcatalog; path = Assets.xcassets; sourceTree = "<group>"; };
		CA6558A11C7066BC00226F9E /* Base */ = {isa = PBXFileReference; lastKnownFileType = file.storyboard; name = Base; path = Base.lproj/LaunchScreen.storyboard; sourceTree = "<group>"; };
		CA6558A31C7066BC00226F9E /* Info.plist */ = {isa = PBXFileReference; lastKnownFileType = text.plist.xml; path = Info.plist; sourceTree = "<group>"; };
		CA6558A81C7066BC00226F9E /* AgentWebRTCTests.xctest */ = {isa = PBXFileReference; explicitFileType = wrapper.cfbundle; includeInIndex = 0; path = AgentWebRTCTests.xctest; sourceTree = BUILT_PRODUCTS_DIR; };
		CA6558AC1C7066BC00226F9E /* AgentWebRTCTests.m */ = {isa = PBXFileReference; lastKnownFileType = sourcecode.c.objc; path = AgentWebRTCTests.m; sourceTree = "<group>"; };
		CA6558AE1C7066BC00226F9E /* Info.plist */ = {isa = PBXFileReference; lastKnownFileType = text.plist.xml; path = Info.plist; sourceTree = "<group>"; };
		CA6558B31C7066BC00226F9E /* AgentWebRTCUITests.xctest */ = {isa = PBXFileReference; explicitFileType = wrapper.cfbundle; includeInIndex = 0; path = AgentWebRTCUITests.xctest; sourceTree = BUILT_PRODUCTS_DIR; };
		CA6558B71C7066BC00226F9E /* AgentWebRTCUITests.m */ = {isa = PBXFileReference; lastKnownFileType = sourcecode.c.objc; path = AgentWebRTCUITests.m; sourceTree = "<group>"; };
		CA6558B91C7066BC00226F9E /* Info.plist */ = {isa = PBXFileReference; lastKnownFileType = text.plist.xml; path = Info.plist; sourceTree = "<group>"; };
		CA6558C61C706A4C00226F9E /* SpanLogo241.png */ = {isa = PBXFileReference; lastKnownFileType = image.png; path = SpanLogo241.png; sourceTree = "<group>"; };
		CA6558C81C706AB700226F9E /* AgentOneViewController.h */ = {isa = PBXFileReference; fileEncoding = 4; lastKnownFileType = sourcecode.c.h; path = AgentOneViewController.h; sourceTree = "<group>"; };
		CA6558C91C706AB700226F9E /* AgentOneViewController.m */ = {isa = PBXFileReference; fileEncoding = 4; lastKnownFileType = sourcecode.c.objc; path = AgentOneViewController.m; sourceTree = "<group>"; };
		CA6558CB1C706ACF00226F9E /* AgentTwoViewController.h */ = {isa = PBXFileReference; fileEncoding = 4; lastKnownFileType = sourcecode.c.h; path = AgentTwoViewController.h; sourceTree = "<group>"; };
		CA6558CC1C706ACF00226F9E /* AgentTwoViewController.m */ = {isa = PBXFileReference; fileEncoding = 4; lastKnownFileType = sourcecode.c.objc; path = AgentTwoViewController.m; sourceTree = "<group>"; };
		CA6558CE1C706C0F00226F9E /* dashboard_tab.jpg */ = {isa = PBXFileReference; lastKnownFileType = image.jpeg; path = dashboard_tab.jpg; sourceTree = "<group>"; };
		CA6558CF1C706C0F00226F9E /* Videocall.jpg */ = {isa = PBXFileReference; lastKnownFileType = image.jpeg; path = Videocall.jpg; sourceTree = "<group>"; };
		CA6558D21C706E6700226F9E /* contact.png */ = {isa = PBXFileReference; lastKnownFileType = image.png; path = contact.png; sourceTree = "<group>"; };
		CA6558D31C706E6700226F9E /* electronic.png */ = {isa = PBXFileReference; lastKnownFileType = image.png; path = electronic.png; sourceTree = "<group>"; };
		CA6558D41C706E6700226F9E /* endcall.png */ = {isa = PBXFileReference; lastKnownFileType = image.png; path = endcall.png; sourceTree = "<group>"; };
		CA6558D51C706E6700226F9E /* location.png */ = {isa = PBXFileReference; lastKnownFileType = image.png; path = location.png; sourceTree = "<group>"; };
		CA6558D61C706E6700226F9E /* login.png */ = {isa = PBXFileReference; lastKnownFileType = image.png; path = login.png; sourceTree = "<group>"; };
		CA6558D71C706E6700226F9E /* mobile.png */ = {isa = PBXFileReference; lastKnownFileType = image.png; path = mobile.png; sourceTree = "<group>"; };
		CA6558D81C706E6700226F9E /* password.png */ = {isa = PBXFileReference; lastKnownFileType = image.png; path = password.png; sourceTree = "<group>"; };
		CA6558D91C706E6700226F9E /* profile.png */ = {isa = PBXFileReference; lastKnownFileType = image.png; path = profile.png; sourceTree = "<group>"; };
		CA6558DA1C706E6700226F9E /* profile2.png */ = {isa = PBXFileReference; lastKnownFileType = image.png; path = profile2.png; sourceTree = "<group>"; };
		CA6558DB1C706E6700226F9E /* profile3.png */ = {isa = PBXFileReference; lastKnownFileType = image.png; path = profile3.png; sourceTree = "<group>"; };
		CA6558DC1C706E6700226F9E /* profilepic.png */ = {isa = PBXFileReference; lastKnownFileType = image.png; path = profilepic.png; sourceTree = "<group>"; };
		CA6558DD1C706E6700226F9E /* profilepic2.png */ = {isa = PBXFileReference; lastKnownFileType = image.png; path = profilepic2.png; sourceTree = "<group>"; };
		CA6558DE1C706E6700226F9E /* proflie1.png */ = {isa = PBXFileReference; lastKnownFileType = image.png; path = proflie1.png; sourceTree = "<group>"; };
		CA6558DF1C706E6700226F9E /* speaker.png */ = {isa = PBXFileReference; lastKnownFileType = image.png; path = speaker.png; sourceTree = "<group>"; };
		CA6558E01C706E6700226F9E /* username.png */ = {isa = PBXFileReference; lastKnownFileType = image.png; path = username.png; sourceTree = "<group>"; };
		CAA7BBD31C7202D000AFB761 /* UIKit.framework */ = {isa = PBXFileReference; lastKnownFileType = wrapper.framework; name = UIKit.framework; path = System/Library/Frameworks/UIKit.framework; sourceTree = SDKROOT; };
		CAA7BBD51C7202DC00AFB761 /* Foundation.framework */ = {isa = PBXFileReference; lastKnownFileType = wrapper.framework; name = Foundation.framework; path = System/Library/Frameworks/Foundation.framework; sourceTree = SDKROOT; };
		CAA7BBD71C7202E800AFB761 /* QuartzCore.framework */ = {isa = PBXFileReference; lastKnownFileType = wrapper.framework; name = QuartzCore.framework; path = System/Library/Frameworks/QuartzCore.framework; sourceTree = SDKROOT; };
		CAA7BBD91C7202F300AFB761 /* OpenGLES.framework */ = {isa = PBXFileReference; lastKnownFileType = wrapper.framework; name = OpenGLES.framework; path = System/Library/Frameworks/OpenGLES.framework; sourceTree = SDKROOT; };
		CAA7BBDB1C7202FB00AFB761 /* GLKit.framework */ = {isa = PBXFileReference; lastKnownFileType = wrapper.framework; name = GLKit.framework; path = System/Library/Frameworks/GLKit.framework; sourceTree = SDKROOT; };
		CAA7BBDD1C72030400AFB761 /* AudioToolbox.framework */ = {isa = PBXFileReference; lastKnownFileType = wrapper.framework; name = AudioToolbox.framework; path = System/Library/Frameworks/AudioToolbox.framework; sourceTree = SDKROOT; };
		CAA7BBDF1C72030F00AFB761 /* CoreAudio.framework */ = {isa = PBXFileReference; lastKnownFileType = wrapper.framework; name = CoreAudio.framework; path = System/Library/Frameworks/CoreAudio.framework; sourceTree = SDKROOT; };
		CAA7BBE11C72031A00AFB761 /* CoreFoundation.framework */ = {isa = PBXFileReference; lastKnownFileType = wrapper.framework; name = CoreFoundation.framework; path = System/Library/Frameworks/CoreFoundation.framework; sourceTree = SDKROOT; };
		CAA7BBE31C72032300AFB761 /* AssetsLibrary.framework */ = {isa = PBXFileReference; lastKnownFileType = wrapper.framework; name = AssetsLibrary.framework; path = System/Library/Frameworks/AssetsLibrary.framework; sourceTree = SDKROOT; };
		CAA7BBE51C72032C00AFB761 /* AVFoundation.framework */ = {isa = PBXFileReference; lastKnownFileType = wrapper.framework; name = AVFoundation.framework; path = System/Library/Frameworks/AVFoundation.framework; sourceTree = SDKROOT; };
		CAA7BBE71C72033600AFB761 /* VideoToolbox.framework */ = {isa = PBXFileReference; lastKnownFileType = wrapper.framework; name = VideoToolbox.framework; path = System/Library/Frameworks/VideoToolbox.framework; sourceTree = SDKROOT; };
		CAA7BBEB1C7207FC00AFB761 /* libRestCommClient.a */ = {isa = PBXFileReference; lastKnownFileType = archive.ar; name = libRestCommClient.a; path = dependencies/packages/RestCommClientLib/libRestCommClient.a; sourceTree = "<group>"; };
		CAA7BBEE1C72082500AFB761 /* libssl.a */ = {isa = PBXFileReference; lastKnownFileType = archive.ar; name = libssl.a; path = "dependencies/packages/openssl-1.0.1i/lib/libssl.a"; sourceTree = "<group>"; };
		CAA7BBF11C72083900AFB761 /* libsofia-sip-ua.a */ = {isa = PBXFileReference; lastKnownFileType = archive.ar; name = "libsofia-sip-ua.a"; path = "dependencies/packages/sofia-sip-1.12.11/lib/libsofia-sip-ua.a"; sourceTree = "<group>"; };
		CAA7BBF31C72086200AFB761 /* libresolv.9.dylib */ = {isa = PBXFileReference; lastKnownFileType = "compiled.mach-o.dylib"; name = libresolv.9.dylib; path = /usr/lib/libresolv.9.dylib; sourceTree = "<absolute>"; };
		CAA7BBF41C72086200AFB761 /* libsqlite3.dylib */ = {isa = PBXFileReference; lastKnownFileType = "compiled.mach-o.dylib"; name = libsqlite3.dylib; path = /usr/lib/libsqlite3.dylib; sourceTree = "<absolute>"; };
		CAA7BBF71C72092900AFB761 /* SystemConfiguration.framework */ = {isa = PBXFileReference; lastKnownFileType = wrapper.framework; name = SystemConfiguration.framework; path = System/Library/Frameworks/SystemConfiguration.framework; sourceTree = SDKROOT; };
		CAA7BBF91C72094300AFB761 /* CoreMedia.framework */ = {isa = PBXFileReference; lastKnownFileType = wrapper.framework; name = CoreMedia.framework; path = System/Library/Frameworks/CoreMedia.framework; sourceTree = SDKROOT; };
		CAA7BBFB1C72094B00AFB761 /* CoreMotion.framework */ = {isa = PBXFileReference; lastKnownFileType = wrapper.framework; name = CoreMotion.framework; path = System/Library/Frameworks/CoreMotion.framework; sourceTree = SDKROOT; };
		CAA7BBFF1C720B8B00AFB761 /* libcrypto.a */ = {isa = PBXFileReference; lastKnownFileType = archive.ar; name = libcrypto.a; path = "dependencies/packages/openssl-1.0.1i/lib/libcrypto.a"; sourceTree = "<group>"; };
		CAA7BC011C720D5300AFB761 /* AgentWebRTC-Prefix.pch */ = {isa = PBXFileReference; lastKnownFileType = sourcecode.c.h; path = "AgentWebRTC-Prefix.pch"; sourceTree = "<group>"; };
		CAA7BC0F1C72110500AFB761 /* libWebRTC-9190.a */ = {isa = PBXFileReference; lastKnownFileType = archive.ar; name = "libWebRTC-9190.a"; path = "dependencies/packages/webrtc/libWebRTC-9190.a"; sourceTree = "<group>"; };
		CAA7BC121C7215BA00AFB761 /* libTestFairy.a */ = {isa = PBXFileReference; lastKnownFileType = archive.ar; path = libTestFairy.a; sourceTree = "<group>"; };
		CAA7BC131C7215BA00AFB761 /* TestFairy.h */ = {isa = PBXFileReference; fileEncoding = 4; lastKnownFileType = sourcecode.c.h; path = TestFairy.h; sourceTree = "<group>"; };
		CAA7BC141C7215BA00AFB761 /* upload-dsym.sh */ = {isa = PBXFileReference; fileEncoding = 4; lastKnownFileType = text.script.sh; path = "upload-dsym.sh"; sourceTree = "<group>"; };
		CAA7BC1F1C72C92300AFB761 /* calling.mp3 */ = {isa = PBXFileReference; lastKnownFileType = audio.mp3; path = calling.mp3; sourceTree = "<group>"; };
		CAA7BC201C72C92300AFB761 /* message.mp3 */ = {isa = PBXFileReference; lastKnownFileType = audio.mp3; path = message.mp3; sourceTree = "<group>"; };
		CAA7BC211C72C92300AFB761 /* ringing.mp3 */ = {isa = PBXFileReference; lastKnownFileType = audio.mp3; path = ringing.mp3; sourceTree = "<group>"; };
		CAA7BC251C730DF500AFB761 /* available.png */ = {isa = PBXFileReference; lastKnownFileType = image.png; path = available.png; sourceTree = "<group>"; };
		CAA7BC261C730DF500AFB761 /* calldropped.png */ = {isa = PBXFileReference; lastKnownFileType = image.png; path = calldropped.png; sourceTree = "<group>"; };
		CAA7BC271C730DF500AFB761 /* callsattended.png */ = {isa = PBXFileReference; lastKnownFileType = image.png; path = callsattended.png; sourceTree = "<group>"; };
		CAA7BC281C730DF500AFB761 /* callsinqueue.png */ = {isa = PBXFileReference; lastKnownFileType = image.png; path = callsinqueue.png; sourceTree = "<group>"; };
		CAA7BC2D1C730EBC00AFB761 /* noofcalls.png */ = {isa = PBXFileReference; lastKnownFileType = image.png; path = noofcalls.png; sourceTree = "<group>"; };
		CAB2B6561C75D28B00D442FB /* Settings-48.png */ = {isa = PBXFileReference; lastKnownFileType = image.png; path = "Settings-48.png"; sourceTree = "<group>"; };
		CAF13ED31C76EBA8003E4988 /* back_icon36.png */ = {isa = PBXFileReference; lastKnownFileType = image.png; path = back_icon36.png; sourceTree = "<group>"; };
/* End PBXFileReference section */

/* Begin PBXFrameworksBuildPhase section */
		CA65588C1C7066BC00226F9E /* Frameworks */ = {
			isa = PBXFrameworksBuildPhase;
			buildActionMask = 2147483647;
			files = (
				CAA7BBFC1C72094B00AFB761 /* CoreMotion.framework in Frameworks */,
				CAA7BBFA1C72094300AFB761 /* CoreMedia.framework in Frameworks */,
				CAA7BBF81C72092900AFB761 /* SystemConfiguration.framework in Frameworks */,
				CAA7BBF51C72086200AFB761 /* libresolv.9.dylib in Frameworks */,
				CAA7BBF61C72086200AFB761 /* libsqlite3.dylib in Frameworks */,
				CAA7BBEC1C7207FC00AFB761 /* libRestCommClient.a in Frameworks */,
				CAA7BBE81C72033600AFB761 /* VideoToolbox.framework in Frameworks */,
				CAA7BC151C7215BA00AFB761 /* libTestFairy.a in Frameworks */,
				CAA7BBE61C72032C00AFB761 /* AVFoundation.framework in Frameworks */,
				CAA7BBE41C72032300AFB761 /* AssetsLibrary.framework in Frameworks */,
				CAA7BC101C72110500AFB761 /* libWebRTC-9190.a in Frameworks */,
				CAA7BBE21C72031A00AFB761 /* CoreFoundation.framework in Frameworks */,
				CAA7BBF21C72083900AFB761 /* libsofia-sip-ua.a in Frameworks */,
				CAA7BBF01C72082600AFB761 /* libssl.a in Frameworks */,
				CAA7BBE01C72030F00AFB761 /* CoreAudio.framework in Frameworks */,
				CAA7BBDE1C72030400AFB761 /* AudioToolbox.framework in Frameworks */,
				CAA7BBDC1C7202FB00AFB761 /* GLKit.framework in Frameworks */,
				CAA7BBDA1C7202F300AFB761 /* OpenGLES.framework in Frameworks */,
				CAA7BBD81C7202E800AFB761 /* QuartzCore.framework in Frameworks */,
				CAA7BBD61C7202DC00AFB761 /* Foundation.framework in Frameworks */,
				CAA7BBD41C7202D000AFB761 /* UIKit.framework in Frameworks */,
				CAA7BC001C720B8B00AFB761 /* libcrypto.a in Frameworks */,
			);
			runOnlyForDeploymentPostprocessing = 0;
		};
		CA6558A51C7066BC00226F9E /* Frameworks */ = {
			isa = PBXFrameworksBuildPhase;
			buildActionMask = 2147483647;
			files = (
			);
			runOnlyForDeploymentPostprocessing = 0;
		};
		CA6558B01C7066BC00226F9E /* Frameworks */ = {
			isa = PBXFrameworksBuildPhase;
			buildActionMask = 2147483647;
			files = (
			);
			runOnlyForDeploymentPostprocessing = 0;
		};
/* End PBXFrameworksBuildPhase section */

/* Begin PBXGroup section */
		CA33AA7A1CA3CD1D005246C3 /* may_day */ = {
			isa = PBXGroup;
			children = (
				CA33AA7E1CA3CD1D005246C3 /* images */,
				CA33AA7B1CA3CD1D005246C3 /* ARDVideoCallView.h */,
				CA33AA7C1CA3CD1D005246C3 /* ARDVideoCallView.m */,
				CA33AA7D1CA3CD1D005246C3 /* Constants.h */,
				CA33AA891CA3CD1D005246C3 /* InstantMessageView.xib */,
				CA33AA8A1CA3CD1D005246C3 /* RCCustomChatAndVideoView.h */,
				CA33AA8B1CA3CD1D005246C3 /* RCCustomChatAndVideoView.m */,
				CA33AA8C1CA3CD1D005246C3 /* RCManager.h */,
				CA33AA8D1CA3CD1D005246C3 /* RCManager.m */,
				CA33AA8E1CA3CD1D005246C3 /* VideoChatView.xib */,
			);
			path = may_day;
			sourceTree = SOURCE_ROOT;
		};
		CA33AA7E1CA3CD1D005246C3 /* images */ = {
			isa = PBXGroup;
			children = (
				CA33AA7F1CA3CD1D005246C3 /* call_icon36.png */,
				CA33AA801CA3CD1D005246C3 /* chat_close.png */,
				CA33AA811CA3CD1D005246C3 /* chat_maximize.png */,
				CA33AA821CA3CD1D005246C3 /* chat_minimize.png */,
				CA33AA831CA3CD1D005246C3 /* maximize.png */,
				CA33AA841CA3CD1D005246C3 /* message_send.png */,
				CA33AA851CA3CD1D005246C3 /* minimize.png */,
				CA33AA861CA3CD1D005246C3 /* receivecall.png */,
				CA33AA871CA3CD1D005246C3 /* speaker_icon36.png */,
				CA33AA881CA3CD1D005246C3 /* speaker_mute.png */,
			);
			path = images;
			sourceTree = "<group>";
		};
		CA6558861C7066BC00226F9E = {
			isa = PBXGroup;
			children = (
				CAA7BC1E1C72C92300AFB761 /* sounds */,
				CAA7BC1D1C72C77C00AFB761 /* frameworks */,
				CAA7BC111C7215BA00AFB761 /* TestFairy */,
				CA6558C51C706A4C00226F9E /* images */,
				CA6558911C7066BC00226F9E /* AgentWebRTC */,
				CA6558AB1C7066BC00226F9E /* AgentWebRTCTests */,
				CA6558B61C7066BC00226F9E /* AgentWebRTCUITests */,
				CA6558901C7066BC00226F9E /* Products */,
			);
			sourceTree = "<group>";
		};
		CA6558901C7066BC00226F9E /* Products */ = {
			isa = PBXGroup;
			children = (
				CA65588F1C7066BC00226F9E /* MayDayAgent.app */,
				CA6558A81C7066BC00226F9E /* AgentWebRTCTests.xctest */,
				CA6558B31C7066BC00226F9E /* AgentWebRTCUITests.xctest */,
			);
			name = Products;
			sourceTree = "<group>";
		};
		CA6558911C7066BC00226F9E /* AgentWebRTC */ = {
			isa = PBXGroup;
			children = (
				CA33AA7A1CA3CD1D005246C3 /* may_day */,
				CA6558951C7066BC00226F9E /* AppDelegate.h */,
				CA6558961C7066BC00226F9E /* AppDelegate.m */,
				CA6558981C7066BC00226F9E /* ViewController.h */,
				CA6558991C7066BC00226F9E /* ViewController.mm */,
				CA6558C81C706AB700226F9E /* AgentOneViewController.h */,
				CA6558C91C706AB700226F9E /* AgentOneViewController.m */,
				CA6558CB1C706ACF00226F9E /* AgentTwoViewController.h */,
				CA6558CC1C706ACF00226F9E /* AgentTwoViewController.m */,
				CA65589B1C7066BC00226F9E /* Main.storyboard */,
				CA65589E1C7066BC00226F9E /* Assets.xcassets */,
				CA6558A01C7066BC00226F9E /* LaunchScreen.storyboard */,
				CA6558A31C7066BC00226F9E /* Info.plist */,
				CA6558921C7066BC00226F9E /* Supporting Files */,
				CAA7BC011C720D5300AFB761 /* AgentWebRTC-Prefix.pch */,
			);
			path = AgentWebRTC;
			sourceTree = "<group>";
		};
		CA6558921C7066BC00226F9E /* Supporting Files */ = {
			isa = PBXGroup;
			children = (
				CA6558931C7066BC00226F9E /* main.m */,
			);
			name = "Supporting Files";
			sourceTree = "<group>";
		};
		CA6558AB1C7066BC00226F9E /* AgentWebRTCTests */ = {
			isa = PBXGroup;
			children = (
				CA6558AC1C7066BC00226F9E /* AgentWebRTCTests.m */,
				CA6558AE1C7066BC00226F9E /* Info.plist */,
			);
			path = AgentWebRTCTests;
			sourceTree = "<group>";
		};
		CA6558B61C7066BC00226F9E /* AgentWebRTCUITests */ = {
			isa = PBXGroup;
			children = (
				CA6558B71C7066BC00226F9E /* AgentWebRTCUITests.m */,
				CA6558B91C7066BC00226F9E /* Info.plist */,
			);
			path = AgentWebRTCUITests;
			sourceTree = "<group>";
		};
		CA6558C51C706A4C00226F9E /* images */ = {
			isa = PBXGroup;
			children = (
				CAF13ED31C76EBA8003E4988 /* back_icon36.png */,
				CAB2B6561C75D28B00D442FB /* Settings-48.png */,
				CAA7BC2D1C730EBC00AFB761 /* noofcalls.png */,
				CAA7BC251C730DF500AFB761 /* available.png */,
				CAA7BC261C730DF500AFB761 /* calldropped.png */,
				CAA7BC271C730DF500AFB761 /* callsattended.png */,
				CAA7BC281C730DF500AFB761 /* callsinqueue.png */,
				CA6558D21C706E6700226F9E /* contact.png */,
				CA6558D31C706E6700226F9E /* electronic.png */,
				CA6558D41C706E6700226F9E /* endcall.png */,
				CA6558D51C706E6700226F9E /* location.png */,
				CA6558D61C706E6700226F9E /* login.png */,
				CA6558D71C706E6700226F9E /* mobile.png */,
				CA6558D81C706E6700226F9E /* password.png */,
				CA6558D91C706E6700226F9E /* profile.png */,
				CA6558DA1C706E6700226F9E /* profile2.png */,
				CA6558DB1C706E6700226F9E /* profile3.png */,
				CA6558DC1C706E6700226F9E /* profilepic.png */,
				CA6558DD1C706E6700226F9E /* profilepic2.png */,
				CA6558DE1C706E6700226F9E /* proflie1.png */,
				CA6558DF1C706E6700226F9E /* speaker.png */,
				CA6558E01C706E6700226F9E /* username.png */,
				CA6558CE1C706C0F00226F9E /* dashboard_tab.jpg */,
				CA6558CF1C706C0F00226F9E /* Videocall.jpg */,
				CA6558C61C706A4C00226F9E /* SpanLogo241.png */,
			);
			path = images;
			sourceTree = "<group>";
		};
		CAA7BC111C7215BA00AFB761 /* TestFairy */ = {
			isa = PBXGroup;
			children = (
				CAA7BC121C7215BA00AFB761 /* libTestFairy.a */,
				CAA7BC131C7215BA00AFB761 /* TestFairy.h */,
				CAA7BC141C7215BA00AFB761 /* upload-dsym.sh */,
			);
			name = TestFairy;
			path = AgentWebRTC/TestFairy;
			sourceTree = "<group>";
		};
		CAA7BC1D1C72C77C00AFB761 /* frameworks */ = {
			isa = PBXGroup;
			children = (
				CAA7BC0F1C72110500AFB761 /* libWebRTC-9190.a */,
				CAA7BBFF1C720B8B00AFB761 /* libcrypto.a */,
				CAA7BBFB1C72094B00AFB761 /* CoreMotion.framework */,
				CAA7BBF91C72094300AFB761 /* CoreMedia.framework */,
				CAA7BBF71C72092900AFB761 /* SystemConfiguration.framework */,
				CAA7BBF31C72086200AFB761 /* libresolv.9.dylib */,
				CAA7BBF41C72086200AFB761 /* libsqlite3.dylib */,
				CAA7BBF11C72083900AFB761 /* libsofia-sip-ua.a */,
				CAA7BBEE1C72082500AFB761 /* libssl.a */,
				CAA7BBEB1C7207FC00AFB761 /* libRestCommClient.a */,
				CAA7BBE71C72033600AFB761 /* VideoToolbox.framework */,
				CAA7BBE51C72032C00AFB761 /* AVFoundation.framework */,
				CAA7BBE31C72032300AFB761 /* AssetsLibrary.framework */,
				CAA7BBE11C72031A00AFB761 /* CoreFoundation.framework */,
				CAA7BBDF1C72030F00AFB761 /* CoreAudio.framework */,
				CAA7BBDD1C72030400AFB761 /* AudioToolbox.framework */,
				CAA7BBDB1C7202FB00AFB761 /* GLKit.framework */,
				CAA7BBD91C7202F300AFB761 /* OpenGLES.framework */,
				CAA7BBD71C7202E800AFB761 /* QuartzCore.framework */,
				CAA7BBD51C7202DC00AFB761 /* Foundation.framework */,
				CAA7BBD31C7202D000AFB761 /* UIKit.framework */,
			);
			name = frameworks;
			sourceTree = "<group>";
		};
		CAA7BC1E1C72C92300AFB761 /* sounds */ = {
			isa = PBXGroup;
			children = (
				CAA7BC1F1C72C92300AFB761 /* calling.mp3 */,
				CAA7BC201C72C92300AFB761 /* message.mp3 */,
				CAA7BC211C72C92300AFB761 /* ringing.mp3 */,
			);
			name = sounds;
			path = AgentWebRTC/sounds;
			sourceTree = "<group>";
		};
/* End PBXGroup section */

/* Begin PBXNativeTarget section */
		CA65588E1C7066BC00226F9E /* AgentWebRTC */ = {
			isa = PBXNativeTarget;
			buildConfigurationList = CA6558BC1C7066BC00226F9E /* Build configuration list for PBXNativeTarget "AgentWebRTC" */;
			buildPhases = (
				CA65588B1C7066BC00226F9E /* Sources */,
				CA65588C1C7066BC00226F9E /* Frameworks */,
				CA65588D1C7066BC00226F9E /* Resources */,
			);
			buildRules = (
			);
			dependencies = (
			);
			name = AgentWebRTC;
			productName = AgentWebRTC;
			productReference = CA65588F1C7066BC00226F9E /* MayDayAgent.app */;
			productType = "com.apple.product-type.application";
		};
		CA6558A71C7066BC00226F9E /* AgentWebRTCTests */ = {
			isa = PBXNativeTarget;
			buildConfigurationList = CA6558BF1C7066BC00226F9E /* Build configuration list for PBXNativeTarget "AgentWebRTCTests" */;
			buildPhases = (
				CA6558A41C7066BC00226F9E /* Sources */,
				CA6558A51C7066BC00226F9E /* Frameworks */,
				CA6558A61C7066BC00226F9E /* Resources */,
			);
			buildRules = (
			);
			dependencies = (
				CA6558AA1C7066BC00226F9E /* PBXTargetDependency */,
			);
			name = AgentWebRTCTests;
			productName = AgentWebRTCTests;
			productReference = CA6558A81C7066BC00226F9E /* AgentWebRTCTests.xctest */;
			productType = "com.apple.product-type.bundle.unit-test";
		};
		CA6558B21C7066BC00226F9E /* AgentWebRTCUITests */ = {
			isa = PBXNativeTarget;
			buildConfigurationList = CA6558C21C7066BC00226F9E /* Build configuration list for PBXNativeTarget "AgentWebRTCUITests" */;
			buildPhases = (
				CA6558AF1C7066BC00226F9E /* Sources */,
				CA6558B01C7066BC00226F9E /* Frameworks */,
				CA6558B11C7066BC00226F9E /* Resources */,
			);
			buildRules = (
			);
			dependencies = (
				CA6558B51C7066BC00226F9E /* PBXTargetDependency */,
			);
			name = AgentWebRTCUITests;
			productName = AgentWebRTCUITests;
			productReference = CA6558B31C7066BC00226F9E /* AgentWebRTCUITests.xctest */;
			productType = "com.apple.product-type.bundle.ui-testing";
		};
/* End PBXNativeTarget section */

/* Begin PBXProject section */
		CA6558871C7066BC00226F9E /* Project object */ = {
			isa = PBXProject;
			attributes = {
				LastUpgradeCheck = 0720;
				ORGANIZATIONNAME = span;
				TargetAttributes = {
					CA65588E1C7066BC00226F9E = {
						CreatedOnToolsVersion = 7.2;
						DevelopmentTeam = VA2TN974RP;
					};
					CA6558A71C7066BC00226F9E = {
						CreatedOnToolsVersion = 7.2;
						TestTargetID = CA65588E1C7066BC00226F9E;
					};
					CA6558B21C7066BC00226F9E = {
						CreatedOnToolsVersion = 7.2;
						TestTargetID = CA65588E1C7066BC00226F9E;
					};
				};
			};
			buildConfigurationList = CA65588A1C7066BC00226F9E /* Build configuration list for PBXProject "AgentWebRTC" */;
			compatibilityVersion = "Xcode 3.2";
			developmentRegion = English;
			hasScannedForEncodings = 0;
			knownRegions = (
				en,
				Base,
			);
			mainGroup = CA6558861C7066BC00226F9E;
			productRefGroup = CA6558901C7066BC00226F9E /* Products */;
			projectDirPath = "";
			projectRoot = "";
			targets = (
				CA65588E1C7066BC00226F9E /* AgentWebRTC */,
				CA6558A71C7066BC00226F9E /* AgentWebRTCTests */,
				CA6558B21C7066BC00226F9E /* AgentWebRTCUITests */,
			);
		};
/* End PBXProject section */

/* Begin PBXResourcesBuildPhase section */
		CA65588D1C7066BC00226F9E /* Resources */ = {
			isa = PBXResourcesBuildPhase;
			buildActionMask = 2147483647;
			files = (
				CA33AA9D1CA3CD1D005246C3 /* VideoChatView.xib in Resources */,
				CA6558C71C706A4C00226F9E /* SpanLogo241.png in Resources */,
				CAA7BC291C730DF500AFB761 /* available.png in Resources */,
				CAF13ED41C76EBA8003E4988 /* back_icon36.png in Resources */,
				CA6558E31C706E6700226F9E /* endcall.png in Resources */,
				CA33AA941CA3CD1D005246C3 /* maximize.png in Resources */,
				CA6558E41C706E6700226F9E /* location.png in Resources */,
				CA33AA931CA3CD1D005246C3 /* chat_minimize.png in Resources */,
				CAA7BC2B1C730DF500AFB761 /* callsattended.png in Resources */,
				CAA7BC241C72C92300AFB761 /* ringing.mp3 in Resources */,
				CA6558EA1C706E6700226F9E /* profile3.png in Resources */,
				CA6558E91C706E6700226F9E /* profile2.png in Resources */,
				CAA7BC221C72C92300AFB761 /* calling.mp3 in Resources */,
				CA6558EB1C706E6700226F9E /* profilepic.png in Resources */,
				CA33AA961CA3CD1D005246C3 /* minimize.png in Resources */,
				CA33AA921CA3CD1D005246C3 /* chat_maximize.png in Resources */,
				CA6558E21C706E6700226F9E /* electronic.png in Resources */,
				CA6558D01C706C0F00226F9E /* dashboard_tab.jpg in Resources */,
				CAB2B6571C75D28B00D442FB /* Settings-48.png in Resources */,
				CAA7BC161C7215BA00AFB761 /* upload-dsym.sh in Resources */,
				CAA7BC2A1C730DF500AFB761 /* calldropped.png in Resources */,
				CA6558ED1C706E6700226F9E /* proflie1.png in Resources */,
				CAA7BC2E1C730EBC00AFB761 /* noofcalls.png in Resources */,
				CA33AA901CA3CD1D005246C3 /* call_icon36.png in Resources */,
				CA33AA9A1CA3CD1D005246C3 /* InstantMessageView.xib in Resources */,
				CA6558EE1C706E6700226F9E /* speaker.png in Resources */,
				CA33AA951CA3CD1D005246C3 /* message_send.png in Resources */,
				CA33AA971CA3CD1D005246C3 /* receivecall.png in Resources */,
				CA33AA991CA3CD1D005246C3 /* speaker_mute.png in Resources */,
				CAA7BC2C1C730DF500AFB761 /* callsinqueue.png in Resources */,
				CA6558A21C7066BC00226F9E /* LaunchScreen.storyboard in Resources */,
				CA6558E71C706E6700226F9E /* password.png in Resources */,
				CAA7BC231C72C92300AFB761 /* message.mp3 in Resources */,
				CA33AA911CA3CD1D005246C3 /* chat_close.png in Resources */,
				CA6558E51C706E6700226F9E /* login.png in Resources */,
				CA65589F1C7066BC00226F9E /* Assets.xcassets in Resources */,
				CA65589D1C7066BC00226F9E /* Main.storyboard in Resources */,
				CA6558EF1C706E6700226F9E /* username.png in Resources */,
				CA6558E61C706E6700226F9E /* mobile.png in Resources */,
				CA33AA981CA3CD1D005246C3 /* speaker_icon36.png in Resources */,
				CA6558D11C706C0F00226F9E /* Videocall.jpg in Resources */,
				CA6558EC1C706E6700226F9E /* profilepic2.png in Resources */,
				CA6558E11C706E6700226F9E /* contact.png in Resources */,
				CA6558E81C706E6700226F9E /* profile.png in Resources */,
			);
			runOnlyForDeploymentPostprocessing = 0;
		};
		CA6558A61C7066BC00226F9E /* Resources */ = {
			isa = PBXResourcesBuildPhase;
			buildActionMask = 2147483647;
			files = (
			);
			runOnlyForDeploymentPostprocessing = 0;
		};
		CA6558B11C7066BC00226F9E /* Resources */ = {
			isa = PBXResourcesBuildPhase;
			buildActionMask = 2147483647;
			files = (
			);
			runOnlyForDeploymentPostprocessing = 0;
		};
/* End PBXResourcesBuildPhase section */

/* Begin PBXSourcesBuildPhase section */
		CA65588B1C7066BC00226F9E /* Sources */ = {
			isa = PBXSourcesBuildPhase;
			buildActionMask = 2147483647;
			files = (
				CA6558CD1C706ACF00226F9E /* AgentTwoViewController.m in Sources */,
				CA33AA9B1CA3CD1D005246C3 /* RCCustomChatAndVideoView.m in Sources */,
				CA65589A1C7066BC00226F9E /* ViewController.mm in Sources */,
				CA33AA8F1CA3CD1D005246C3 /* ARDVideoCallView.m in Sources */,
				CA6558971C7066BC00226F9E /* AppDelegate.m in Sources */,
				CA6558941C7066BC00226F9E /* main.m in Sources */,
				CA33AA9C1CA3CD1D005246C3 /* RCManager.m in Sources */,
				CA6558CA1C706AB700226F9E /* AgentOneViewController.m in Sources */,
			);
			runOnlyForDeploymentPostprocessing = 0;
		};
		CA6558A41C7066BC00226F9E /* Sources */ = {
			isa = PBXSourcesBuildPhase;
			buildActionMask = 2147483647;
			files = (
				CA6558AD1C7066BC00226F9E /* AgentWebRTCTests.m in Sources */,
			);
			runOnlyForDeploymentPostprocessing = 0;
		};
		CA6558AF1C7066BC00226F9E /* Sources */ = {
			isa = PBXSourcesBuildPhase;
			buildActionMask = 2147483647;
			files = (
				CA6558B81C7066BC00226F9E /* AgentWebRTCUITests.m in Sources */,
			);
			runOnlyForDeploymentPostprocessing = 0;
		};
/* End PBXSourcesBuildPhase section */

/* Begin PBXTargetDependency section */
		CA6558AA1C7066BC00226F9E /* PBXTargetDependency */ = {
			isa = PBXTargetDependency;
			target = CA65588E1C7066BC00226F9E /* AgentWebRTC */;
			targetProxy = CA6558A91C7066BC00226F9E /* PBXContainerItemProxy */;
		};
		CA6558B51C7066BC00226F9E /* PBXTargetDependency */ = {
			isa = PBXTargetDependency;
			target = CA65588E1C7066BC00226F9E /* AgentWebRTC */;
			targetProxy = CA6558B41C7066BC00226F9E /* PBXContainerItemProxy */;
		};
/* End PBXTargetDependency section */

/* Begin PBXVariantGroup section */
		CA65589B1C7066BC00226F9E /* Main.storyboard */ = {
			isa = PBXVariantGroup;
			children = (
				CA65589C1C7066BC00226F9E /* Base */,
			);
			name = Main.storyboard;
			sourceTree = "<group>";
		};
		CA6558A01C7066BC00226F9E /* LaunchScreen.storyboard */ = {
			isa = PBXVariantGroup;
			children = (
				CA6558A11C7066BC00226F9E /* Base */,
			);
			name = LaunchScreen.storyboard;
			sourceTree = "<group>";
		};
/* End PBXVariantGroup section */

/* Begin XCBuildConfiguration section */
		CA6558BA1C7066BC00226F9E /* Debug */ = {
			isa = XCBuildConfiguration;
			buildSettings = {
				ALWAYS_SEARCH_USER_PATHS = NO;
				CLANG_CXX_LANGUAGE_STANDARD = "gnu++0x";
				CLANG_CXX_LIBRARY = "libc++";
				CLANG_ENABLE_MODULES = YES;
				CLANG_ENABLE_OBJC_ARC = YES;
				CLANG_WARN_BOOL_CONVERSION = YES;
				CLANG_WARN_CONSTANT_CONVERSION = YES;
				CLANG_WARN_DIRECT_OBJC_ISA_USAGE = YES_ERROR;
				CLANG_WARN_EMPTY_BODY = YES;
				CLANG_WARN_ENUM_CONVERSION = YES;
				CLANG_WARN_INT_CONVERSION = YES;
				CLANG_WARN_OBJC_ROOT_CLASS = YES_ERROR;
				CLANG_WARN_UNREACHABLE_CODE = YES;
				CLANG_WARN__DUPLICATE_METHOD_MATCH = YES;
				"CODE_SIGN_IDENTITY[sdk=iphoneos*]" = "iPhone Developer";
				COPY_PHASE_STRIP = NO;
				DEBUG_INFORMATION_FORMAT = dwarf;
				ENABLE_STRICT_OBJC_MSGSEND = YES;
				ENABLE_TESTABILITY = YES;
				GCC_C_LANGUAGE_STANDARD = gnu99;
				GCC_DYNAMIC_NO_PIC = NO;
				GCC_NO_COMMON_BLOCKS = YES;
				GCC_OPTIMIZATION_LEVEL = 0;
				GCC_PREPROCESSOR_DEFINITIONS = (
					"DEBUG=1",
					"$(inherited)",
				);
				GCC_WARN_64_TO_32_BIT_CONVERSION = YES;
				GCC_WARN_ABOUT_RETURN_TYPE = YES_ERROR;
				GCC_WARN_UNDECLARED_SELECTOR = YES;
				GCC_WARN_UNINITIALIZED_AUTOS = YES_AGGRESSIVE;
				GCC_WARN_UNUSED_FUNCTION = YES;
				GCC_WARN_UNUSED_VARIABLE = YES;
				IPHONEOS_DEPLOYMENT_TARGET = 9.2;
				MTL_ENABLE_DEBUG_INFO = YES;
				ONLY_ACTIVE_ARCH = YES;
				SDKROOT = iphoneos;
				TARGETED_DEVICE_FAMILY = "1,2";
			};
			name = Debug;
		};
		CA6558BB1C7066BC00226F9E /* Release */ = {
			isa = XCBuildConfiguration;
			buildSettings = {
				ALWAYS_SEARCH_USER_PATHS = NO;
				CLANG_CXX_LANGUAGE_STANDARD = "gnu++0x";
				CLANG_CXX_LIBRARY = "libc++";
				CLANG_ENABLE_MODULES = YES;
				CLANG_ENABLE_OBJC_ARC = YES;
				CLANG_WARN_BOOL_CONVERSION = YES;
				CLANG_WARN_CONSTANT_CONVERSION = YES;
				CLANG_WARN_DIRECT_OBJC_ISA_USAGE = YES_ERROR;
				CLANG_WARN_EMPTY_BODY = YES;
				CLANG_WARN_ENUM_CONVERSION = YES;
				CLANG_WARN_INT_CONVERSION = YES;
				CLANG_WARN_OBJC_ROOT_CLASS = YES_ERROR;
				CLANG_WARN_UNREACHABLE_CODE = YES;
				CLANG_WARN__DUPLICATE_METHOD_MATCH = YES;
				"CODE_SIGN_IDENTITY[sdk=iphoneos*]" = "iPhone Developer";
				COPY_PHASE_STRIP = NO;
				DEBUG_INFORMATION_FORMAT = "dwarf-with-dsym";
				ENABLE_NS_ASSERTIONS = NO;
				ENABLE_STRICT_OBJC_MSGSEND = YES;
				GCC_C_LANGUAGE_STANDARD = gnu99;
				GCC_NO_COMMON_BLOCKS = YES;
				GCC_WARN_64_TO_32_BIT_CONVERSION = YES;
				GCC_WARN_ABOUT_RETURN_TYPE = YES_ERROR;
				GCC_WARN_UNDECLARED_SELECTOR = YES;
				GCC_WARN_UNINITIALIZED_AUTOS = YES_AGGRESSIVE;
				GCC_WARN_UNUSED_FUNCTION = YES;
				GCC_WARN_UNUSED_VARIABLE = YES;
				IPHONEOS_DEPLOYMENT_TARGET = 9.2;
				MTL_ENABLE_DEBUG_INFO = NO;
				SDKROOT = iphoneos;
				TARGETED_DEVICE_FAMILY = "1,2";
				VALIDATE_PRODUCT = YES;
			};
			name = Release;
		};
		CA6558BD1C7066BC00226F9E /* Debug */ = {
			isa = XCBuildConfiguration;
			buildSettings = {
				ASSETCATALOG_COMPILER_APPICON_NAME = AppIcon;
				CODE_SIGN_IDENTITY = "iPhone Developer: Jussi Tuuri (2ZQT933TSS)";
				"CODE_SIGN_IDENTITY[sdk=iphoneos*]" = "iPhone Developer: Jussi Tuuri (2ZQT933TSS)";
				ENABLE_BITCODE = NO;
				FRAMEWORK_SEARCH_PATHS = "$(PROJECT_DIR)";
				GCC_NO_COMMON_BLOCKS = NO;
				HEADER_SEARCH_PATHS = (
					$SOURCE_ROOT/dependencies/packages/RestCommClientLib/include/RestCommClient,
					"$SOURCE_ROOT//dependencies/packages/webrtc/include",
				);
				INFOPLIST_FILE = AgentWebRTC/Info.plist;
				IPHONEOS_DEPLOYMENT_TARGET = 7.1;
				LD_RUNPATH_SEARCH_PATHS = "$(inherited) @executable_path/Frameworks";
				LIBRARY_SEARCH_PATHS = (
					"$(inherited)",
					"$(PROJECT_DIR)/dependencies/packages/webrtc",
					"$(PROJECT_DIR)/dependencies/packages/RestCommClientLib",
					"$(PROJECT_DIR)/dependencies/packages/openssl-1.0.1i/lib",
					"$(PROJECT_DIR)/dependencies/packages/sofia-sip-1.12.11/lib",
					"$(PROJECT_DIR)/AgentWebRTC/TestFairy",
				);
				OTHER_LDFLAGS = "-Objc";
				PRODUCT_BUNDLE_IDENTIFIER = com.span.AgentWebRTC;
				PRODUCT_NAME = MayDayAgent;
				PROVISIONING_PROFILE = "";
				TARGETED_DEVICE_FAMILY = 2;
			};
			name = Debug;
		};
		CA6558BE1C7066BC00226F9E /* Release */ = {
			isa = XCBuildConfiguration;
			buildSettings = {
				ASSETCATALOG_COMPILER_APPICON_NAME = AppIcon;
				CODE_SIGN_IDENTITY = "iPhone Developer: Jussi Tuuri (2ZQT933TSS)";
				"CODE_SIGN_IDENTITY[sdk=iphoneos*]" = "iPhone Developer: Jussi Tuuri (2ZQT933TSS)";
				ENABLE_BITCODE = NO;
				FRAMEWORK_SEARCH_PATHS = "$(PROJECT_DIR)";
				GCC_NO_COMMON_BLOCKS = NO;
				HEADER_SEARCH_PATHS = (
					$SOURCE_ROOT/dependencies/packages/RestCommClientLib/include/RestCommClient,
					"$SOURCE_ROOT//dependencies/packages/webrtc/include",
				);
				INFOPLIST_FILE = AgentWebRTC/Info.plist;
				IPHONEOS_DEPLOYMENT_TARGET = 7.1;
				LD_RUNPATH_SEARCH_PATHS = "$(inherited) @executable_path/Frameworks";
				LIBRARY_SEARCH_PATHS = (
					"$(inherited)",
					"$(PROJECT_DIR)/dependencies/packages/webrtc",
					"$(PROJECT_DIR)/dependencies/packages/RestCommClientLib",
					"$(PROJECT_DIR)/dependencies/packages/openssl-1.0.1i/lib",
					"$(PROJECT_DIR)/dependencies/packages/sofia-sip-1.12.11/lib",
					"$(PROJECT_DIR)/AgentWebRTC/TestFairy",
				);
				OTHER_LDFLAGS = "-Objc";
				PRODUCT_BUNDLE_IDENTIFIER = com.span.AgentWebRTC;
				PRODUCT_NAME = MayDayAgent;
				PROVISIONING_PROFILE = "";
				TARGETED_DEVICE_FAMILY = 2;
			};
			name = Release;
		};
		CA6558C01C7066BC00226F9E /* Debug */ = {
			isa = XCBuildConfiguration;
			buildSettings = {
				BUNDLE_LOADER = "$(TEST_HOST)";
				INFOPLIST_FILE = AgentWebRTCTests/Info.plist;
				LD_RUNPATH_SEARCH_PATHS = "$(inherited) @executable_path/Frameworks @loader_path/Frameworks";
				PRODUCT_BUNDLE_IDENTIFIER = com.span.AgentWebRTCTests;
				PRODUCT_NAME = "$(TARGET_NAME)";
				TEST_HOST = "$(BUILT_PRODUCTS_DIR)/AgentWebRTC.app/AgentWebRTC";
			};
			name = Debug;
		};
		CA6558C11C7066BC00226F9E /* Release */ = {
			isa = XCBuildConfiguration;
			buildSettings = {
				BUNDLE_LOADER = "$(TEST_HOST)";
				INFOPLIST_FILE = AgentWebRTCTests/Info.plist;
				LD_RUNPATH_SEARCH_PATHS = "$(inherited) @executable_path/Frameworks @loader_path/Frameworks";
				PRODUCT_BUNDLE_IDENTIFIER = com.span.AgentWebRTCTests;
				PRODUCT_NAME = "$(TARGET_NAME)";
				TEST_HOST = "$(BUILT_PRODUCTS_DIR)/AgentWebRTC.app/AgentWebRTC";
			};
			name = Release;
		};
		CA6558C31C7066BC00226F9E /* Debug */ = {
			isa = XCBuildConfiguration;
			buildSettings = {
				INFOPLIST_FILE = AgentWebRTCUITests/Info.plist;
				LD_RUNPATH_SEARCH_PATHS = "$(inherited) @executable_path/Frameworks @loader_path/Frameworks";
				PRODUCT_BUNDLE_IDENTIFIER = com.span.AgentWebRTCUITests;
				PRODUCT_NAME = "$(TARGET_NAME)";
				TEST_TARGET_NAME = AgentWebRTC;
				USES_XCTRUNNER = YES;
			};
			name = Debug;
		};
		CA6558C41C7066BC00226F9E /* Release */ = {
			isa = XCBuildConfiguration;
			buildSettings = {
				INFOPLIST_FILE = AgentWebRTCUITests/Info.plist;
				LD_RUNPATH_SEARCH_PATHS = "$(inherited) @executable_path/Frameworks @loader_path/Frameworks";
				PRODUCT_BUNDLE_IDENTIFIER = com.span.AgentWebRTCUITests;
				PRODUCT_NAME = "$(TARGET_NAME)";
				TEST_TARGET_NAME = AgentWebRTC;
				USES_XCTRUNNER = YES;
			};
			name = Release;
		};
/* End XCBuildConfiguration section */

/* Begin XCConfigurationList section */
		CA65588A1C7066BC00226F9E /* Build configuration list for PBXProject "AgentWebRTC" */ = {
			isa = XCConfigurationList;
			buildConfigurations = (
				CA6558BA1C7066BC00226F9E /* Debug */,
				CA6558BB1C7066BC00226F9E /* Release */,
			);
			defaultConfigurationIsVisible = 0;
			defaultConfigurationName = Release;
		};
		CA6558BC1C7066BC00226F9E /* Build configuration list for PBXNativeTarget "AgentWebRTC" */ = {
			isa = XCConfigurationList;
			buildConfigurations = (
				CA6558BD1C7066BC00226F9E /* Debug */,
				CA6558BE1C7066BC00226F9E /* Release */,
			);
			defaultConfigurationIsVisible = 0;
			defaultConfigurationName = Release;
		};
		CA6558BF1C7066BC00226F9E /* Build configuration list for PBXNativeTarget "AgentWebRTCTests" */ = {
			isa = XCConfigurationList;
			buildConfigurations = (
				CA6558C01C7066BC00226F9E /* Debug */,
				CA6558C11C7066BC00226F9E /* Release */,
			);
			defaultConfigurationIsVisible = 0;
			defaultConfigurationName = Release;
		};
		CA6558C21C7066BC00226F9E /* Build configuration list for PBXNativeTarget "AgentWebRTCUITests" */ = {
			isa = XCConfigurationList;
			buildConfigurations = (
				CA6558C31C7066BC00226F9E /* Debug */,
				CA6558C41C7066BC00226F9E /* Release */,
			);
			defaultConfigurationIsVisible = 0;
			defaultConfigurationName = Release;
		};
/* End XCConfigurationList section */
	};
	rootObject = CA6558871C7066BC00226F9E /* Project object */;
}
