// !$*UTF8*$!
{
	archiveVersion = 1;
	classes = {
	};
	objectVersion = 46;
	objects = {

/* Begin PBXBuildFile section */
		CA12FF8D1C69D4C100D8C921 /* main.m in Sources */ = {isa = PBXBuildFile; fileRef = CA12FF8C1C69D4C100D8C921 /* main.m */; };
		CA12FF901C69D4C100D8C921 /* AppDelegate.m in Sources */ = {isa = PBXBuildFile; fileRef = CA12FF8F1C69D4C100D8C921 /* AppDelegate.m */; };
		CA12FF961C69D4C100D8C921 /* Main.storyboard in Resources */ = {isa = PBXBuildFile; fileRef = CA12FF941C69D4C100D8C921 /* Main.storyboard */; };
		CA12FF981C69D4C100D8C921 /* Assets.xcassets in Resources */ = {isa = PBXBuildFile; fileRef = CA12FF971C69D4C100D8C921 /* Assets.xcassets */; };
		CA12FF9B1C69D4C100D8C921 /* LaunchScreen.storyboard in Resources */ = {isa = PBXBuildFile; fileRef = CA12FF991C69D4C100D8C921 /* LaunchScreen.storyboard */; };
		CA12FFA61C69D4C100D8C921 /* WEBRTCTests.m in Sources */ = {isa = PBXBuildFile; fileRef = CA12FFA51C69D4C100D8C921 /* WEBRTCTests.m */; };
		CA12FFB11C69D4C200D8C921 /* WEBRTCUITests.m in Sources */ = {isa = PBXBuildFile; fileRef = CA12FFB01C69D4C200D8C921 /* WEBRTCUITests.m */; };
		CA12FFC31C69F19700D8C921 /* CoreAudio.framework in Frameworks */ = {isa = PBXBuildFile; fileRef = CA12FFBF1C69F19700D8C921 /* CoreAudio.framework */; };
		CA12FFC41C69F19700D8C921 /* CoreMedia.framework in Frameworks */ = {isa = PBXBuildFile; fileRef = CA12FFC01C69F19700D8C921 /* CoreMedia.framework */; };
		CA12FFC51C69F19700D8C921 /* CoreMotion.framework in Frameworks */ = {isa = PBXBuildFile; fileRef = CA12FFC11C69F19700D8C921 /* CoreMotion.framework */; };
		CA12FFC61C69F19700D8C921 /* QuartzCore.framework in Frameworks */ = {isa = PBXBuildFile; fileRef = CA12FFC21C69F19700D8C921 /* QuartzCore.framework */; };
		CA12FFC81C69F1CB00D8C921 /* SystemConfiguration.framework in Frameworks */ = {isa = PBXBuildFile; fileRef = CA12FFC71C69F1CB00D8C921 /* SystemConfiguration.framework */; };
		CA12FFCA1C69F1D500D8C921 /* GLKit.framework in Frameworks */ = {isa = PBXBuildFile; fileRef = CA12FFC91C69F1D500D8C921 /* GLKit.framework */; };
		CA12FFCC1C69F1DE00D8C921 /* AudioToolbox.framework in Frameworks */ = {isa = PBXBuildFile; fileRef = CA12FFCB1C69F1DE00D8C921 /* AudioToolbox.framework */; };
		CA12FFCE1C69F1E900D8C921 /* AssetsLibrary.framework in Frameworks */ = {isa = PBXBuildFile; fileRef = CA12FFCD1C69F1E900D8C921 /* AssetsLibrary.framework */; };
		CA12FFD21C69F1FD00D8C921 /* UIKit.framework in Frameworks */ = {isa = PBXBuildFile; fileRef = CA12FFD11C69F1FD00D8C921 /* UIKit.framework */; };
		CA12FFD41C69F20300D8C921 /* Foundation.framework in Frameworks */ = {isa = PBXBuildFile; fileRef = CA12FFD31C69F20300D8C921 /* Foundation.framework */; };
		CA12FFD61C69F22D00D8C921 /* OpenGLES.framework in Frameworks */ = {isa = PBXBuildFile; fileRef = CA12FFD51C69F22D00D8C921 /* OpenGLES.framework */; };
		CA12FFD81C69F25900D8C921 /* VideoToolbox.framework in Frameworks */ = {isa = PBXBuildFile; fileRef = CA12FFD71C69F25900D8C921 /* VideoToolbox.framework */; };
		CA12FFDA1C69F2A500D8C921 /* CoreFoundation.framework in Frameworks */ = {isa = PBXBuildFile; fileRef = CA12FFD91C69F2A500D8C921 /* CoreFoundation.framework */; };
		CA12FFE31C69F34400D8C921 /* calling.mp3 in Resources */ = {isa = PBXBuildFile; fileRef = CA12FFDC1C69F34400D8C921 /* calling.mp3 */; };
		CA12FFE41C69F34400D8C921 /* message.mp3 in Resources */ = {isa = PBXBuildFile; fileRef = CA12FFDD1C69F34400D8C921 /* message.mp3 */; };
		CA12FFE51C69F34400D8C921 /* ringing.mp3 in Resources */ = {isa = PBXBuildFile; fileRef = CA12FFDE1C69F34400D8C921 /* ringing.mp3 */; };
		CA12FFEB1C69F41100D8C921 /* libssl.a in Frameworks */ = {isa = PBXBuildFile; fileRef = CA12FFE91C69F41100D8C921 /* libssl.a */; };
		CA12FFED1C69F49100D8C921 /* libRestCommClient.a in Frameworks */ = {isa = PBXBuildFile; fileRef = CA12FFEC1C69F49100D8C921 /* libRestCommClient.a */; };
		CA12FFEF1C69F4B700D8C921 /* libsofia-sip-ua.a in Frameworks */ = {isa = PBXBuildFile; fileRef = CA12FFEE1C69F4B700D8C921 /* libsofia-sip-ua.a */; };
		CA12FFF11C69F4FE00D8C921 /* libWebRTC-9190.a in Frameworks */ = {isa = PBXBuildFile; fileRef = CA12FFF01C69F4FE00D8C921 /* libWebRTC-9190.a */; };
		CA12FFF31C69F62900D8C921 /* libsqlite3.dylib in Frameworks */ = {isa = PBXBuildFile; fileRef = CA12FFF21C69F62900D8C921 /* libsqlite3.dylib */; };
		CA12FFF51C69F66100D8C921 /* libresolv.9.dylib in Frameworks */ = {isa = PBXBuildFile; fileRef = CA12FFF41C69F66100D8C921 /* libresolv.9.dylib */; };
		CA51DE5D1C91AB6800011AAF /* maximize.png in Resources */ = {isa = PBXBuildFile; fileRef = CA51DE5B1C91AB6800011AAF /* maximize.png */; };
		CA51DE5E1C91AB6800011AAF /* minimize.png in Resources */ = {isa = PBXBuildFile; fileRef = CA51DE5C1C91AB6800011AAF /* minimize.png */; };
		CA69DE4C1CBD40A2002FF738 /* ARDVideoCallView.m in Sources */ = {isa = PBXBuildFile; fileRef = CA69DE391CBD40A2002FF738 /* ARDVideoCallView.m */; };
		CA69DE4D1CBD40A2002FF738 /* call_icon36.png in Resources */ = {isa = PBXBuildFile; fileRef = CA69DE3C1CBD40A2002FF738 /* call_icon36.png */; };
		CA69DE4E1CBD40A2002FF738 /* chat_close.png in Resources */ = {isa = PBXBuildFile; fileRef = CA69DE3D1CBD40A2002FF738 /* chat_close.png */; };
		CA69DE4F1CBD40A2002FF738 /* chat_maximize.png in Resources */ = {isa = PBXBuildFile; fileRef = CA69DE3E1CBD40A2002FF738 /* chat_maximize.png */; };
		CA69DE501CBD40A2002FF738 /* chat_minimize.png in Resources */ = {isa = PBXBuildFile; fileRef = CA69DE3F1CBD40A2002FF738 /* chat_minimize.png */; };
		CA69DE511CBD40A2002FF738 /* maximize.png in Resources */ = {isa = PBXBuildFile; fileRef = CA69DE401CBD40A2002FF738 /* maximize.png */; };
		CA69DE521CBD40A2002FF738 /* message_send.png in Resources */ = {isa = PBXBuildFile; fileRef = CA69DE411CBD40A2002FF738 /* message_send.png */; };
		CA69DE531CBD40A2002FF738 /* minimize.png in Resources */ = {isa = PBXBuildFile; fileRef = CA69DE421CBD40A2002FF738 /* minimize.png */; };
		CA69DE541CBD40A2002FF738 /* receivecall.png in Resources */ = {isa = PBXBuildFile; fileRef = CA69DE431CBD40A2002FF738 /* receivecall.png */; };
		CA69DE551CBD40A2002FF738 /* speaker_icon36.png in Resources */ = {isa = PBXBuildFile; fileRef = CA69DE441CBD40A2002FF738 /* speaker_icon36.png */; };
		CA69DE561CBD40A2002FF738 /* speaker_mute.png in Resources */ = {isa = PBXBuildFile; fileRef = CA69DE451CBD40A2002FF738 /* speaker_mute.png */; };
		CA69DE571CBD40A2002FF738 /* InstantMessageView.xib in Resources */ = {isa = PBXBuildFile; fileRef = CA69DE461CBD40A2002FF738 /* InstantMessageView.xib */; };
		CA69DE581CBD40A2002FF738 /* RCCustomChatAndVideoView.m in Sources */ = {isa = PBXBuildFile; fileRef = CA69DE481CBD40A2002FF738 /* RCCustomChatAndVideoView.m */; };
		CA69DE591CBD40A2002FF738 /* RCManager.m in Sources */ = {isa = PBXBuildFile; fileRef = CA69DE4A1CBD40A2002FF738 /* RCManager.m */; };
		CA69DE5A1CBD40A2002FF738 /* VideoChatView.xib in Resources */ = {isa = PBXBuildFile; fileRef = CA69DE4B1CBD40A2002FF738 /* VideoChatView.xib */; };
		CAF13E891C76535F003E4988 /* back_icon36.png in Resources */ = {isa = PBXBuildFile; fileRef = CAF13E551C76535F003E4988 /* back_icon36.png */; };
		CAF13E8A1C76535F003E4988 /* banner-img.png in Resources */ = {isa = PBXBuildFile; fileRef = CAF13E561C76535F003E4988 /* banner-img.png */; };
		CAF13E8B1C76535F003E4988 /* banner.png in Resources */ = {isa = PBXBuildFile; fileRef = CAF13E571C76535F003E4988 /* banner.png */; };
		CAF13E8C1C76535F003E4988 /* banner1-400.png in Resources */ = {isa = PBXBuildFile; fileRef = CAF13E581C76535F003E4988 /* banner1-400.png */; };
		CAF13E8D1C76535F003E4988 /* banner1.png in Resources */ = {isa = PBXBuildFile; fileRef = CAF13E591C76535F003E4988 /* banner1.png */; };
		CAF13E8E1C76535F003E4988 /* banner2-400.png in Resources */ = {isa = PBXBuildFile; fileRef = CAF13E5A1C76535F003E4988 /* banner2-400.png */; };
		CAF13E8F1C76535F003E4988 /* banner2.png in Resources */ = {isa = PBXBuildFile; fileRef = CAF13E5B1C76535F003E4988 /* banner2.png */; };
		CAF13E901C76535F003E4988 /* banner3-400.png in Resources */ = {isa = PBXBuildFile; fileRef = CAF13E5C1C76535F003E4988 /* banner3-400.png */; };
		CAF13E911C76535F003E4988 /* banner3.png in Resources */ = {isa = PBXBuildFile; fileRef = CAF13E5D1C76535F003E4988 /* banner3.png */; };
		CAF13E981C76535F003E4988 /* custmercare.png in Resources */ = {isa = PBXBuildFile; fileRef = CAF13E641C76535F003E4988 /* custmercare.png */; };
		CAF13E991C76535F003E4988 /* custmercareimg.png in Resources */ = {isa = PBXBuildFile; fileRef = CAF13E651C76535F003E4988 /* custmercareimg.png */; };
		CAF13E9A1C76535F003E4988 /* img1.jpg in Resources */ = {isa = PBXBuildFile; fileRef = CAF13E661C76535F003E4988 /* img1.jpg */; };
		CAF13E9B1C76535F003E4988 /* img1.png in Resources */ = {isa = PBXBuildFile; fileRef = CAF13E671C76535F003E4988 /* img1.png */; };
		CAF13E9C1C76535F003E4988 /* img2.png in Resources */ = {isa = PBXBuildFile; fileRef = CAF13E681C76535F003E4988 /* img2.png */; };
		CAF13E9D1C76535F003E4988 /* img3.png in Resources */ = {isa = PBXBuildFile; fileRef = CAF13E691C76535F003E4988 /* img3.png */; };
		CAF13E9E1C76535F003E4988 /* img4.png in Resources */ = {isa = PBXBuildFile; fileRef = CAF13E6A1C76535F003E4988 /* img4.png */; };
		CAF13E9F1C76535F003E4988 /* img5.png in Resources */ = {isa = PBXBuildFile; fileRef = CAF13E6B1C76535F003E4988 /* img5.png */; };
		CAF13EA01C76535F003E4988 /* login-bg.png in Resources */ = {isa = PBXBuildFile; fileRef = CAF13E6C1C76535F003E4988 /* login-bg.png */; };
		CAF13EA11C76535F003E4988 /* login.jpg in Resources */ = {isa = PBXBuildFile; fileRef = CAF13E6D1C76535F003E4988 /* login.jpg */; };
		CAF13EA21C76535F003E4988 /* logo.jpg in Resources */ = {isa = PBXBuildFile; fileRef = CAF13E6E1C76535F003E4988 /* logo.jpg */; };
		CAF13EA31C76535F003E4988 /* mayday-48.png in Resources */ = {isa = PBXBuildFile; fileRef = CAF13E6F1C76535F003E4988 /* mayday-48.png */; };
		CAF13EA51C76535F003E4988 /* myproduct-img1.png in Resources */ = {isa = PBXBuildFile; fileRef = CAF13E711C76535F003E4988 /* myproduct-img1.png */; };
		CAF13EA61C76535F003E4988 /* myproduct-img2.png in Resources */ = {isa = PBXBuildFile; fileRef = CAF13E721C76535F003E4988 /* myproduct-img2.png */; };
		CAF13EA71C76535F003E4988 /* myproduct-img3.png in Resources */ = {isa = PBXBuildFile; fileRef = CAF13E731C76535F003E4988 /* myproduct-img3.png */; };
		CAF13EA81C76535F003E4988 /* myproduct-img4.png in Resources */ = {isa = PBXBuildFile; fileRef = CAF13E741C76535F003E4988 /* myproduct-img4.png */; };
		CAF13EA91C76535F003E4988 /* myproduct-img5.png in Resources */ = {isa = PBXBuildFile; fileRef = CAF13E751C76535F003E4988 /* myproduct-img5.png */; };
		CAF13EAA1C76535F003E4988 /* navbar48.png in Resources */ = {isa = PBXBuildFile; fileRef = CAF13E761C76535F003E4988 /* navbar48.png */; };
		CAF13EAB1C76535F003E4988 /* offer-banner-tab.png in Resources */ = {isa = PBXBuildFile; fileRef = CAF13E771C76535F003E4988 /* offer-banner-tab.png */; };
		CAF13EAC1C76535F003E4988 /* offerbanner.png in Resources */ = {isa = PBXBuildFile; fileRef = CAF13E781C76535F003E4988 /* offerbanner.png */; };
		CAF13EAD1C76535F003E4988 /* pro_img.png in Resources */ = {isa = PBXBuildFile; fileRef = CAF13E791C76535F003E4988 /* pro_img.png */; };
		CAF13EAE1C76535F003E4988 /* product-img1.png in Resources */ = {isa = PBXBuildFile; fileRef = CAF13E7A1C76535F003E4988 /* product-img1.png */; };
		CAF13EAF1C76535F003E4988 /* product-img2.png in Resources */ = {isa = PBXBuildFile; fileRef = CAF13E7B1C76535F003E4988 /* product-img2.png */; };
		CAF13EB01C76535F003E4988 /* product-img3.png in Resources */ = {isa = PBXBuildFile; fileRef = CAF13E7C1C76535F003E4988 /* product-img3.png */; };
		CAF13EB11C76535F003E4988 /* product-img4.png in Resources */ = {isa = PBXBuildFile; fileRef = CAF13E7D1C76535F003E4988 /* product-img4.png */; };
		CAF13EB51C76535F003E4988 /* search48.png in Resources */ = {isa = PBXBuildFile; fileRef = CAF13E811C76535F003E4988 /* search48.png */; };
		CAF13EB61C76535F003E4988 /* setting-icon36.png in Resources */ = {isa = PBXBuildFile; fileRef = CAF13E821C76535F003E4988 /* setting-icon36.png */; };
		CAF13EB71C76535F003E4988 /* span-logo.png in Resources */ = {isa = PBXBuildFile; fileRef = CAF13E831C76535F003E4988 /* span-logo.png */; };
		CAF13EB91C76535F003E4988 /* tip_icon.png in Resources */ = {isa = PBXBuildFile; fileRef = CAF13E851C76535F003E4988 /* tip_icon.png */; };
		CAF6938B1C89935E00F890BD /* CustomerSupportViewController.m in Sources */ = {isa = PBXBuildFile; fileRef = CAF693801C89935E00F890BD /* CustomerSupportViewController.m */; };
		CAF6938C1C89935E00F890BD /* HomeViewController.m in Sources */ = {isa = PBXBuildFile; fileRef = CAF693821C89935E00F890BD /* HomeViewController.m */; };
		CAF6938D1C89935E00F890BD /* SelfHelpTipsViewController.m in Sources */ = {isa = PBXBuildFile; fileRef = CAF693841C89935E00F890BD /* SelfHelpTipsViewController.m */; };
		CAF6938E1C89935E00F890BD /* ViewController.mm in Sources */ = {isa = PBXBuildFile; fileRef = CAF693861C89935E00F890BD /* ViewController.mm */; };
/* End PBXBuildFile section */

/* Begin PBXContainerItemProxy section */
		CA12FFA21C69D4C100D8C921 /* PBXContainerItemProxy */ = {
			isa = PBXContainerItemProxy;
			containerPortal = CA12FF801C69D4C100D8C921 /* Project object */;
			proxyType = 1;
			remoteGlobalIDString = CA12FF871C69D4C100D8C921;
			remoteInfo = WEBRTC;
		};
		CA12FFAD1C69D4C200D8C921 /* PBXContainerItemProxy */ = {
			isa = PBXContainerItemProxy;
			containerPortal = CA12FF801C69D4C100D8C921 /* Project object */;
			proxyType = 1;
			remoteGlobalIDString = CA12FF871C69D4C100D8C921;
			remoteInfo = WEBRTC;
		};
/* End PBXContainerItemProxy section */

/* Begin PBXFileReference section */
		CA12FF881C69D4C100D8C921 /* MayDayCustomer.app */ = {isa = PBXFileReference; explicitFileType = wrapper.application; includeInIndex = 0; path = MayDayCustomer.app; sourceTree = BUILT_PRODUCTS_DIR; };
		CA12FF8C1C69D4C100D8C921 /* main.m */ = {isa = PBXFileReference; lastKnownFileType = sourcecode.c.objc; path = main.m; sourceTree = "<group>"; };
		CA12FF8E1C69D4C100D8C921 /* AppDelegate.h */ = {isa = PBXFileReference; lastKnownFileType = sourcecode.c.h; path = AppDelegate.h; sourceTree = "<group>"; };
		CA12FF8F1C69D4C100D8C921 /* AppDelegate.m */ = {isa = PBXFileReference; lastKnownFileType = sourcecode.c.objc; path = AppDelegate.m; sourceTree = "<group>"; };
		CA12FF951C69D4C100D8C921 /* Base */ = {isa = PBXFileReference; lastKnownFileType = file.storyboard; name = Base; path = Base.lproj/Main.storyboard; sourceTree = "<group>"; };
		CA12FF971C69D4C100D8C921 /* Assets.xcassets */ = {isa = PBXFileReference; lastKnownFileType = folder.assetcatalog; path = Assets.xcassets; sourceTree = "<group>"; };
		CA12FF9A1C69D4C100D8C921 /* Base */ = {isa = PBXFileReference; lastKnownFileType = file.storyboard; name = Base; path = Base.lproj/LaunchScreen.storyboard; sourceTree = "<group>"; };
		CA12FF9C1C69D4C100D8C921 /* Info.plist */ = {isa = PBXFileReference; lastKnownFileType = text.plist.xml; path = Info.plist; sourceTree = "<group>"; };
		CA12FFA11C69D4C100D8C921 /* WEBRTCTests.xctest */ = {isa = PBXFileReference; explicitFileType = wrapper.cfbundle; includeInIndex = 0; path = WEBRTCTests.xctest; sourceTree = BUILT_PRODUCTS_DIR; };
		CA12FFA51C69D4C100D8C921 /* WEBRTCTests.m */ = {isa = PBXFileReference; lastKnownFileType = sourcecode.c.objc; path = WEBRTCTests.m; sourceTree = "<group>"; };
		CA12FFA71C69D4C200D8C921 /* Info.plist */ = {isa = PBXFileReference; lastKnownFileType = text.plist.xml; path = Info.plist; sourceTree = "<group>"; };
		CA12FFAC1C69D4C200D8C921 /* WEBRTCUITests.xctest */ = {isa = PBXFileReference; explicitFileType = wrapper.cfbundle; includeInIndex = 0; path = WEBRTCUITests.xctest; sourceTree = BUILT_PRODUCTS_DIR; };
		CA12FFB01C69D4C200D8C921 /* WEBRTCUITests.m */ = {isa = PBXFileReference; lastKnownFileType = sourcecode.c.objc; path = WEBRTCUITests.m; sourceTree = "<group>"; };
		CA12FFB21C69D4C200D8C921 /* Info.plist */ = {isa = PBXFileReference; lastKnownFileType = text.plist.xml; path = Info.plist; sourceTree = "<group>"; };
		CA12FFBF1C69F19700D8C921 /* CoreAudio.framework */ = {isa = PBXFileReference; lastKnownFileType = wrapper.framework; name = CoreAudio.framework; path = System/Library/Frameworks/CoreAudio.framework; sourceTree = SDKROOT; };
		CA12FFC01C69F19700D8C921 /* CoreMedia.framework */ = {isa = PBXFileReference; lastKnownFileType = wrapper.framework; name = CoreMedia.framework; path = System/Library/Frameworks/CoreMedia.framework; sourceTree = SDKROOT; };
		CA12FFC11C69F19700D8C921 /* CoreMotion.framework */ = {isa = PBXFileReference; lastKnownFileType = wrapper.framework; name = CoreMotion.framework; path = System/Library/Frameworks/CoreMotion.framework; sourceTree = SDKROOT; };
		CA12FFC21C69F19700D8C921 /* QuartzCore.framework */ = {isa = PBXFileReference; lastKnownFileType = wrapper.framework; name = QuartzCore.framework; path = System/Library/Frameworks/QuartzCore.framework; sourceTree = SDKROOT; };
		CA12FFC71C69F1CB00D8C921 /* SystemConfiguration.framework */ = {isa = PBXFileReference; lastKnownFileType = wrapper.framework; name = SystemConfiguration.framework; path = System/Library/Frameworks/SystemConfiguration.framework; sourceTree = SDKROOT; };
		CA12FFC91C69F1D500D8C921 /* GLKit.framework */ = {isa = PBXFileReference; lastKnownFileType = wrapper.framework; name = GLKit.framework; path = System/Library/Frameworks/GLKit.framework; sourceTree = SDKROOT; };
		CA12FFCB1C69F1DE00D8C921 /* AudioToolbox.framework */ = {isa = PBXFileReference; lastKnownFileType = wrapper.framework; name = AudioToolbox.framework; path = System/Library/Frameworks/AudioToolbox.framework; sourceTree = SDKROOT; };
		CA12FFCD1C69F1E900D8C921 /* AssetsLibrary.framework */ = {isa = PBXFileReference; lastKnownFileType = wrapper.framework; name = AssetsLibrary.framework; path = System/Library/Frameworks/AssetsLibrary.framework; sourceTree = SDKROOT; };
		CA12FFD11C69F1FD00D8C921 /* UIKit.framework */ = {isa = PBXFileReference; lastKnownFileType = wrapper.framework; name = UIKit.framework; path = System/Library/Frameworks/UIKit.framework; sourceTree = SDKROOT; };
		CA12FFD31C69F20300D8C921 /* Foundation.framework */ = {isa = PBXFileReference; lastKnownFileType = wrapper.framework; name = Foundation.framework; path = System/Library/Frameworks/Foundation.framework; sourceTree = SDKROOT; };
		CA12FFD51C69F22D00D8C921 /* OpenGLES.framework */ = {isa = PBXFileReference; lastKnownFileType = wrapper.framework; name = OpenGLES.framework; path = System/Library/Frameworks/OpenGLES.framework; sourceTree = SDKROOT; };
		CA12FFD71C69F25900D8C921 /* VideoToolbox.framework */ = {isa = PBXFileReference; lastKnownFileType = wrapper.framework; name = VideoToolbox.framework; path = System/Library/Frameworks/VideoToolbox.framework; sourceTree = SDKROOT; };
		CA12FFD91C69F2A500D8C921 /* CoreFoundation.framework */ = {isa = PBXFileReference; lastKnownFileType = wrapper.framework; name = CoreFoundation.framework; path = System/Library/Frameworks/CoreFoundation.framework; sourceTree = SDKROOT; };
		CA12FFDC1C69F34400D8C921 /* calling.mp3 */ = {isa = PBXFileReference; lastKnownFileType = audio.mp3; path = calling.mp3; sourceTree = "<group>"; };
		CA12FFDD1C69F34400D8C921 /* message.mp3 */ = {isa = PBXFileReference; lastKnownFileType = audio.mp3; path = message.mp3; sourceTree = "<group>"; };
		CA12FFDE1C69F34400D8C921 /* ringing.mp3 */ = {isa = PBXFileReference; lastKnownFileType = audio.mp3; path = ringing.mp3; sourceTree = "<group>"; };
		CA12FFE81C69F41100D8C921 /* libcrypto.a */ = {isa = PBXFileReference; lastKnownFileType = archive.ar; name = libcrypto.a; path = "dependencies/packages/openssl-1.0.1i/lib/libcrypto.a"; sourceTree = SOURCE_ROOT; };
		CA12FFE91C69F41100D8C921 /* libssl.a */ = {isa = PBXFileReference; lastKnownFileType = archive.ar; name = libssl.a; path = "dependencies/packages/openssl-1.0.1i/lib/libssl.a"; sourceTree = SOURCE_ROOT; };
		CA12FFEC1C69F49100D8C921 /* libRestCommClient.a */ = {isa = PBXFileReference; lastKnownFileType = archive.ar; name = libRestCommClient.a; path = dependencies/packages/RestCommClientLib/libRestCommClient.a; sourceTree = SOURCE_ROOT; };
		CA12FFEE1C69F4B700D8C921 /* libsofia-sip-ua.a */ = {isa = PBXFileReference; lastKnownFileType = archive.ar; name = "libsofia-sip-ua.a"; path = "dependencies/packages/sofia-sip-1.12.11/lib/libsofia-sip-ua.a"; sourceTree = SOURCE_ROOT; };
		CA12FFF01C69F4FE00D8C921 /* libWebRTC-9190.a */ = {isa = PBXFileReference; lastKnownFileType = archive.ar; name = "libWebRTC-9190.a"; path = "dependencies/packages/webrtc/libWebRTC-9190.a"; sourceTree = SOURCE_ROOT; };
		CA12FFF21C69F62900D8C921 /* libsqlite3.dylib */ = {isa = PBXFileReference; lastKnownFileType = "compiled.mach-o.dylib"; name = libsqlite3.dylib; path = /usr/lib/libsqlite3.dylib; sourceTree = "<absolute>"; };
		CA12FFF41C69F66100D8C921 /* libresolv.9.dylib */ = {isa = PBXFileReference; lastKnownFileType = "compiled.mach-o.dylib"; name = libresolv.9.dylib; path = /usr/lib/libresolv.9.dylib; sourceTree = "<absolute>"; };
		CA4301ED1C6B08D00025730D /* WEBRTC.pch */ = {isa = PBXFileReference; lastKnownFileType = sourcecode.c.h; path = WEBRTC.pch; sourceTree = "<group>"; };
		CA51DE5B1C91AB6800011AAF /* maximize.png */ = {isa = PBXFileReference; lastKnownFileType = image.png; path = maximize.png; sourceTree = "<group>"; };
		CA51DE5C1C91AB6800011AAF /* minimize.png */ = {isa = PBXFileReference; lastKnownFileType = image.png; path = minimize.png; sourceTree = "<group>"; };
		CA69DE381CBD40A2002FF738 /* ARDVideoCallView.h */ = {isa = PBXFileReference; fileEncoding = 4; lastKnownFileType = sourcecode.c.h; path = ARDVideoCallView.h; sourceTree = "<group>"; };
		CA69DE391CBD40A2002FF738 /* ARDVideoCallView.m */ = {isa = PBXFileReference; fileEncoding = 4; lastKnownFileType = sourcecode.c.objc; path = ARDVideoCallView.m; sourceTree = "<group>"; };
		CA69DE3A1CBD40A2002FF738 /* Constants.h */ = {isa = PBXFileReference; fileEncoding = 4; lastKnownFileType = sourcecode.c.h; path = Constants.h; sourceTree = "<group>"; };
		CA69DE3C1CBD40A2002FF738 /* call_icon36.png */ = {isa = PBXFileReference; lastKnownFileType = image.png; path = call_icon36.png; sourceTree = "<group>"; };
		CA69DE3D1CBD40A2002FF738 /* chat_close.png */ = {isa = PBXFileReference; lastKnownFileType = image.png; path = chat_close.png; sourceTree = "<group>"; };
		CA69DE3E1CBD40A2002FF738 /* chat_maximize.png */ = {isa = PBXFileReference; lastKnownFileType = image.png; path = chat_maximize.png; sourceTree = "<group>"; };
		CA69DE3F1CBD40A2002FF738 /* chat_minimize.png */ = {isa = PBXFileReference; lastKnownFileType = image.png; path = chat_minimize.png; sourceTree = "<group>"; };
		CA69DE401CBD40A2002FF738 /* maximize.png */ = {isa = PBXFileReference; lastKnownFileType = image.png; path = maximize.png; sourceTree = "<group>"; };
		CA69DE411CBD40A2002FF738 /* message_send.png */ = {isa = PBXFileReference; lastKnownFileType = image.png; path = message_send.png; sourceTree = "<group>"; };
		CA69DE421CBD40A2002FF738 /* minimize.png */ = {isa = PBXFileReference; lastKnownFileType = image.png; path = minimize.png; sourceTree = "<group>"; };
		CA69DE431CBD40A2002FF738 /* receivecall.png */ = {isa = PBXFileReference; lastKnownFileType = image.png; path = receivecall.png; sourceTree = "<group>"; };
		CA69DE441CBD40A2002FF738 /* speaker_icon36.png */ = {isa = PBXFileReference; lastKnownFileType = image.png; path = speaker_icon36.png; sourceTree = "<group>"; };
		CA69DE451CBD40A2002FF738 /* speaker_mute.png */ = {isa = PBXFileReference; lastKnownFileType = image.png; path = speaker_mute.png; sourceTree = "<group>"; };
		CA69DE461CBD40A2002FF738 /* InstantMessageView.xib */ = {isa = PBXFileReference; fileEncoding = 4; lastKnownFileType = file.xib; path = InstantMessageView.xib; sourceTree = "<group>"; };
		CA69DE471CBD40A2002FF738 /* RCCustomChatAndVideoView.h */ = {isa = PBXFileReference; fileEncoding = 4; lastKnownFileType = sourcecode.c.h; path = RCCustomChatAndVideoView.h; sourceTree = "<group>"; };
		CA69DE481CBD40A2002FF738 /* RCCustomChatAndVideoView.m */ = {isa = PBXFileReference; fileEncoding = 4; lastKnownFileType = sourcecode.c.objc; path = RCCustomChatAndVideoView.m; sourceTree = "<group>"; };
		CA69DE491CBD40A2002FF738 /* RCManager.h */ = {isa = PBXFileReference; fileEncoding = 4; lastKnownFileType = sourcecode.c.h; path = RCManager.h; sourceTree = "<group>"; };
		CA69DE4A1CBD40A2002FF738 /* RCManager.m */ = {isa = PBXFileReference; fileEncoding = 4; lastKnownFileType = sourcecode.c.objc; path = RCManager.m; sourceTree = "<group>"; };
		CA69DE4B1CBD40A2002FF738 /* VideoChatView.xib */ = {isa = PBXFileReference; fileEncoding = 4; lastKnownFileType = file.xib; path = VideoChatView.xib; sourceTree = "<group>"; };
		CAF13E551C76535F003E4988 /* back_icon36.png */ = {isa = PBXFileReference; lastKnownFileType = image.png; path = back_icon36.png; sourceTree = "<group>"; };
		CAF13E561C76535F003E4988 /* banner-img.png */ = {isa = PBXFileReference; lastKnownFileType = image.png; path = "banner-img.png"; sourceTree = "<group>"; };
		CAF13E571C76535F003E4988 /* banner.png */ = {isa = PBXFileReference; lastKnownFileType = image.png; path = banner.png; sourceTree = "<group>"; };
		CAF13E581C76535F003E4988 /* banner1-400.png */ = {isa = PBXFileReference; lastKnownFileType = image.png; path = "banner1-400.png"; sourceTree = "<group>"; };
		CAF13E591C76535F003E4988 /* banner1.png */ = {isa = PBXFileReference; lastKnownFileType = image.png; path = banner1.png; sourceTree = "<group>"; };
		CAF13E5A1C76535F003E4988 /* banner2-400.png */ = {isa = PBXFileReference; lastKnownFileType = image.png; path = "banner2-400.png"; sourceTree = "<group>"; };
		CAF13E5B1C76535F003E4988 /* banner2.png */ = {isa = PBXFileReference; lastKnownFileType = image.png; path = banner2.png; sourceTree = "<group>"; };
		CAF13E5C1C76535F003E4988 /* banner3-400.png */ = {isa = PBXFileReference; lastKnownFileType = image.png; path = "banner3-400.png"; sourceTree = "<group>"; };
		CAF13E5D1C76535F003E4988 /* banner3.png */ = {isa = PBXFileReference; lastKnownFileType = image.png; path = banner3.png; sourceTree = "<group>"; };
		CAF13E641C76535F003E4988 /* custmercare.png */ = {isa = PBXFileReference; lastKnownFileType = image.png; path = custmercare.png; sourceTree = "<group>"; };
		CAF13E651C76535F003E4988 /* custmercareimg.png */ = {isa = PBXFileReference; lastKnownFileType = image.png; path = custmercareimg.png; sourceTree = "<group>"; };
		CAF13E661C76535F003E4988 /* img1.jpg */ = {isa = PBXFileReference; lastKnownFileType = image.jpeg; path = img1.jpg; sourceTree = "<group>"; };
		CAF13E671C76535F003E4988 /* img1.png */ = {isa = PBXFileReference; lastKnownFileType = image.png; path = img1.png; sourceTree = "<group>"; };
		CAF13E681C76535F003E4988 /* img2.png */ = {isa = PBXFileReference; lastKnownFileType = image.png; path = img2.png; sourceTree = "<group>"; };
		CAF13E691C76535F003E4988 /* img3.png */ = {isa = PBXFileReference; lastKnownFileType = image.png; path = img3.png; sourceTree = "<group>"; };
		CAF13E6A1C76535F003E4988 /* img4.png */ = {isa = PBXFileReference; lastKnownFileType = image.png; path = img4.png; sourceTree = "<group>"; };
		CAF13E6B1C76535F003E4988 /* img5.png */ = {isa = PBXFileReference; lastKnownFileType = image.png; path = img5.png; sourceTree = "<group>"; };
		CAF13E6C1C76535F003E4988 /* login-bg.png */ = {isa = PBXFileReference; lastKnownFileType = image.png; path = "login-bg.png"; sourceTree = "<group>"; };
		CAF13E6D1C76535F003E4988 /* login.jpg */ = {isa = PBXFileReference; lastKnownFileType = image.jpeg; path = login.jpg; sourceTree = "<group>"; };
		CAF13E6E1C76535F003E4988 /* logo.jpg */ = {isa = PBXFileReference; lastKnownFileType = image.jpeg; path = logo.jpg; sourceTree = "<group>"; };
		CAF13E6F1C76535F003E4988 /* mayday-48.png */ = {isa = PBXFileReference; lastKnownFileType = image.png; path = "mayday-48.png"; sourceTree = "<group>"; };
		CAF13E711C76535F003E4988 /* myproduct-img1.png */ = {isa = PBXFileReference; lastKnownFileType = image.png; path = "myproduct-img1.png"; sourceTree = "<group>"; };
		CAF13E721C76535F003E4988 /* myproduct-img2.png */ = {isa = PBXFileReference; lastKnownFileType = image.png; path = "myproduct-img2.png"; sourceTree = "<group>"; };
		CAF13E731C76535F003E4988 /* myproduct-img3.png */ = {isa = PBXFileReference; lastKnownFileType = image.png; path = "myproduct-img3.png"; sourceTree = "<group>"; };
		CAF13E741C76535F003E4988 /* myproduct-img4.png */ = {isa = PBXFileReference; lastKnownFileType = image.png; path = "myproduct-img4.png"; sourceTree = "<group>"; };
		CAF13E751C76535F003E4988 /* myproduct-img5.png */ = {isa = PBXFileReference; lastKnownFileType = image.png; path = "myproduct-img5.png"; sourceTree = "<group>"; };
		CAF13E761C76535F003E4988 /* navbar48.png */ = {isa = PBXFileReference; lastKnownFileType = image.png; path = navbar48.png; sourceTree = "<group>"; };
		CAF13E771C76535F003E4988 /* offer-banner-tab.png */ = {isa = PBXFileReference; lastKnownFileType = image.png; path = "offer-banner-tab.png"; sourceTree = "<group>"; };
		CAF13E781C76535F003E4988 /* offerbanner.png */ = {isa = PBXFileReference; lastKnownFileType = image.png; path = offerbanner.png; sourceTree = "<group>"; };
		CAF13E791C76535F003E4988 /* pro_img.png */ = {isa = PBXFileReference; lastKnownFileType = image.png; path = pro_img.png; sourceTree = "<group>"; };
		CAF13E7A1C76535F003E4988 /* product-img1.png */ = {isa = PBXFileReference; lastKnownFileType = image.png; path = "product-img1.png"; sourceTree = "<group>"; };
		CAF13E7B1C76535F003E4988 /* product-img2.png */ = {isa = PBXFileReference; lastKnownFileType = image.png; path = "product-img2.png"; sourceTree = "<group>"; };
		CAF13E7C1C76535F003E4988 /* product-img3.png */ = {isa = PBXFileReference; lastKnownFileType = image.png; path = "product-img3.png"; sourceTree = "<group>"; };
		CAF13E7D1C76535F003E4988 /* product-img4.png */ = {isa = PBXFileReference; lastKnownFileType = image.png; path = "product-img4.png"; sourceTree = "<group>"; };
		CAF13E811C76535F003E4988 /* search48.png */ = {isa = PBXFileReference; lastKnownFileType = image.png; path = search48.png; sourceTree = "<group>"; };
		CAF13E821C76535F003E4988 /* setting-icon36.png */ = {isa = PBXFileReference; lastKnownFileType = image.png; path = "setting-icon36.png"; sourceTree = "<group>"; };
		CAF13E831C76535F003E4988 /* span-logo.png */ = {isa = PBXFileReference; lastKnownFileType = image.png; path = "span-logo.png"; sourceTree = "<group>"; };
		CAF13E851C76535F003E4988 /* tip_icon.png */ = {isa = PBXFileReference; lastKnownFileType = image.png; path = tip_icon.png; sourceTree = "<group>"; };
		CAF6937F1C89935E00F890BD /* CustomerSupportViewController.h */ = {isa = PBXFileReference; fileEncoding = 4; lastKnownFileType = sourcecode.c.h; path = CustomerSupportViewController.h; sourceTree = "<group>"; };
		CAF693801C89935E00F890BD /* CustomerSupportViewController.m */ = {isa = PBXFileReference; fileEncoding = 4; lastKnownFileType = sourcecode.c.objc; path = CustomerSupportViewController.m; sourceTree = "<group>"; };
		CAF693811C89935E00F890BD /* HomeViewController.h */ = {isa = PBXFileReference; fileEncoding = 4; lastKnownFileType = sourcecode.c.h; path = HomeViewController.h; sourceTree = "<group>"; };
		CAF693821C89935E00F890BD /* HomeViewController.m */ = {isa = PBXFileReference; fileEncoding = 4; lastKnownFileType = sourcecode.c.objc; path = HomeViewController.m; sourceTree = "<group>"; };
		CAF693831C89935E00F890BD /* SelfHelpTipsViewController.h */ = {isa = PBXFileReference; fileEncoding = 4; lastKnownFileType = sourcecode.c.h; path = SelfHelpTipsViewController.h; sourceTree = "<group>"; };
		CAF693841C89935E00F890BD /* SelfHelpTipsViewController.m */ = {isa = PBXFileReference; fileEncoding = 4; lastKnownFileType = sourcecode.c.objc; path = SelfHelpTipsViewController.m; sourceTree = "<group>"; };
		CAF693851C89935E00F890BD /* ViewController.h */ = {isa = PBXFileReference; fileEncoding = 4; lastKnownFileType = sourcecode.c.h; path = ViewController.h; sourceTree = "<group>"; };
		CAF693861C89935E00F890BD /* ViewController.mm */ = {isa = PBXFileReference; fileEncoding = 4; lastKnownFileType = sourcecode.cpp.objcpp; path = ViewController.mm; sourceTree = "<group>"; };
/* End PBXFileReference section */

/* Begin PBXFrameworksBuildPhase section */
		CA12FF851C69D4C100D8C921 /* Frameworks */ = {
			isa = PBXFrameworksBuildPhase;
			buildActionMask = 2147483647;
			files = (
				CA12FFF51C69F66100D8C921 /* libresolv.9.dylib in Frameworks */,
				CA12FFF31C69F62900D8C921 /* libsqlite3.dylib in Frameworks */,
				CA12FFDA1C69F2A500D8C921 /* CoreFoundation.framework in Frameworks */,
				CA12FFC61C69F19700D8C921 /* QuartzCore.framework in Frameworks */,
				CA12FFED1C69F49100D8C921 /* libRestCommClient.a in Frameworks */,
				CA12FFEF1C69F4B700D8C921 /* libsofia-sip-ua.a in Frameworks */,
				CA12FFF11C69F4FE00D8C921 /* libWebRTC-9190.a in Frameworks */,
				CA12FFD81C69F25900D8C921 /* VideoToolbox.framework in Frameworks */,
				CA12FFD61C69F22D00D8C921 /* OpenGLES.framework in Frameworks */,
				CA12FFD41C69F20300D8C921 /* Foundation.framework in Frameworks */,
				CA12FFD21C69F1FD00D8C921 /* UIKit.framework in Frameworks */,
				CA12FFCE1C69F1E900D8C921 /* AssetsLibrary.framework in Frameworks */,
				CA12FFCC1C69F1DE00D8C921 /* AudioToolbox.framework in Frameworks */,
				CA12FFCA1C69F1D500D8C921 /* GLKit.framework in Frameworks */,
				CA12FFEB1C69F41100D8C921 /* libssl.a in Frameworks */,
				CA12FFC81C69F1CB00D8C921 /* SystemConfiguration.framework in Frameworks */,
				CA12FFC31C69F19700D8C921 /* CoreAudio.framework in Frameworks */,
				CA12FFC41C69F19700D8C921 /* CoreMedia.framework in Frameworks */,
				CA12FFC51C69F19700D8C921 /* CoreMotion.framework in Frameworks */,
			);
			runOnlyForDeploymentPostprocessing = 0;
		};
		CA12FF9E1C69D4C100D8C921 /* Frameworks */ = {
			isa = PBXFrameworksBuildPhase;
			buildActionMask = 2147483647;
			files = (
			);
			runOnlyForDeploymentPostprocessing = 0;
		};
		CA12FFA91C69D4C200D8C921 /* Frameworks */ = {
			isa = PBXFrameworksBuildPhase;
			buildActionMask = 2147483647;
			files = (
			);
			runOnlyForDeploymentPostprocessing = 0;
		};
/* End PBXFrameworksBuildPhase section */

/* Begin PBXGroup section */
		CA12FF7F1C69D4C100D8C921 = {
			isa = PBXGroup;
			children = (
				CAF13E531C76535F003E4988 /* images */,
				CA12FFDB1C69F34400D8C921 /* sounds */,
				CA12FFBE1C69F0E700D8C921 /* framework */,
				CA12FF8A1C69D4C100D8C921 /* WEBRTC */,
				CA12FFA41C69D4C100D8C921 /* WEBRTCTests */,
				CA12FFAF1C69D4C200D8C921 /* WEBRTCUITests */,
				CA12FF891C69D4C100D8C921 /* Products */,
			);
			sourceTree = "<group>";
		};
		CA12FF891C69D4C100D8C921 /* Products */ = {
			isa = PBXGroup;
			children = (
				CA12FF881C69D4C100D8C921 /* MayDayCustomer.app */,
				CA12FFA11C69D4C100D8C921 /* WEBRTCTests.xctest */,
				CA12FFAC1C69D4C200D8C921 /* WEBRTCUITests.xctest */,
			);
			name = Products;
			sourceTree = "<group>";
		};
		CA12FF8A1C69D4C100D8C921 /* WEBRTC */ = {
			isa = PBXGroup;
			children = (
				CA69DE371CBD40A2002FF738 /* MayDaySDK */,
				CAF6937E1C89935E00F890BD /* view_controllers */,
				CA12FF8E1C69D4C100D8C921 /* AppDelegate.h */,
				CA12FF8F1C69D4C100D8C921 /* AppDelegate.m */,
				CA12FF941C69D4C100D8C921 /* Main.storyboard */,
				CA12FF971C69D4C100D8C921 /* Assets.xcassets */,
				CA12FF991C69D4C100D8C921 /* LaunchScreen.storyboard */,
				CA12FF9C1C69D4C100D8C921 /* Info.plist */,
				CA12FF8B1C69D4C100D8C921 /* Supporting Files */,
				CA4301ED1C6B08D00025730D /* WEBRTC.pch */,
			);
			path = WEBRTC;
			sourceTree = "<group>";
		};
		CA12FF8B1C69D4C100D8C921 /* Supporting Files */ = {
			isa = PBXGroup;
			children = (
				CA12FF8C1C69D4C100D8C921 /* main.m */,
			);
			name = "Supporting Files";
			sourceTree = "<group>";
		};
		CA12FFA41C69D4C100D8C921 /* WEBRTCTests */ = {
			isa = PBXGroup;
			children = (
				CA12FFA51C69D4C100D8C921 /* WEBRTCTests.m */,
				CA12FFA71C69D4C200D8C921 /* Info.plist */,
			);
			path = WEBRTCTests;
			sourceTree = "<group>";
		};
		CA12FFAF1C69D4C200D8C921 /* WEBRTCUITests */ = {
			isa = PBXGroup;
			children = (
				CA12FFB01C69D4C200D8C921 /* WEBRTCUITests.m */,
				CA12FFB21C69D4C200D8C921 /* Info.plist */,
			);
			path = WEBRTCUITests;
			sourceTree = "<group>";
		};
		CA12FFBE1C69F0E700D8C921 /* framework */ = {
			isa = PBXGroup;
			children = (
				CA12FFF01C69F4FE00D8C921 /* libWebRTC-9190.a */,
				CA12FFEE1C69F4B700D8C921 /* libsofia-sip-ua.a */,
				CA12FFEC1C69F49100D8C921 /* libRestCommClient.a */,
				CA12FFE81C69F41100D8C921 /* libcrypto.a */,
				CA12FFE91C69F41100D8C921 /* libssl.a */,
				CA12FFF21C69F62900D8C921 /* libsqlite3.dylib */,
				CA12FFF41C69F66100D8C921 /* libresolv.9.dylib */,
				CA12FFD71C69F25900D8C921 /* VideoToolbox.framework */,
				CA12FFD51C69F22D00D8C921 /* OpenGLES.framework */,
				CA12FFD31C69F20300D8C921 /* Foundation.framework */,
				CA12FFD11C69F1FD00D8C921 /* UIKit.framework */,
				CA12FFCD1C69F1E900D8C921 /* AssetsLibrary.framework */,
				CA12FFCB1C69F1DE00D8C921 /* AudioToolbox.framework */,
				CA12FFC91C69F1D500D8C921 /* GLKit.framework */,
				CA12FFC71C69F1CB00D8C921 /* SystemConfiguration.framework */,
				CA12FFBF1C69F19700D8C921 /* CoreAudio.framework */,
				CA12FFC01C69F19700D8C921 /* CoreMedia.framework */,
				CA12FFC11C69F19700D8C921 /* CoreMotion.framework */,
				CA12FFC21C69F19700D8C921 /* QuartzCore.framework */,
				CA12FFD91C69F2A500D8C921 /* CoreFoundation.framework */,
			);
			name = framework;
			path = frmaworks;
			sourceTree = "<group>";
		};
		CA12FFDB1C69F34400D8C921 /* sounds */ = {
			isa = PBXGroup;
			children = (
				CA12FFDC1C69F34400D8C921 /* calling.mp3 */,
				CA12FFDD1C69F34400D8C921 /* message.mp3 */,
				CA12FFDE1C69F34400D8C921 /* ringing.mp3 */,
			);
			name = sounds;
			path = WEBRTC/sounds;
			sourceTree = "<group>";
		};
		CA69DE371CBD40A2002FF738 /* MayDaySDK */ = {
			isa = PBXGroup;
			children = (
				CA69DE381CBD40A2002FF738 /* ARDVideoCallView.h */,
				CA69DE391CBD40A2002FF738 /* ARDVideoCallView.m */,
				CA69DE3A1CBD40A2002FF738 /* Constants.h */,
				CA69DE3B1CBD40A2002FF738 /* images */,
				CA69DE461CBD40A2002FF738 /* InstantMessageView.xib */,
				CA69DE471CBD40A2002FF738 /* RCCustomChatAndVideoView.h */,
				CA69DE481CBD40A2002FF738 /* RCCustomChatAndVideoView.m */,
				CA69DE491CBD40A2002FF738 /* RCManager.h */,
				CA69DE4A1CBD40A2002FF738 /* RCManager.m */,
				CA69DE4B1CBD40A2002FF738 /* VideoChatView.xib */,
			);
			path = MayDaySDK;
			sourceTree = SOURCE_ROOT;
		};
		CA69DE3B1CBD40A2002FF738 /* images */ = {
			isa = PBXGroup;
			children = (
				CA69DE3C1CBD40A2002FF738 /* call_icon36.png */,
				CA69DE3D1CBD40A2002FF738 /* chat_close.png */,
				CA69DE3E1CBD40A2002FF738 /* chat_maximize.png */,
				CA69DE3F1CBD40A2002FF738 /* chat_minimize.png */,
				CA69DE401CBD40A2002FF738 /* maximize.png */,
				CA69DE411CBD40A2002FF738 /* message_send.png */,
				CA69DE421CBD40A2002FF738 /* minimize.png */,
				CA69DE431CBD40A2002FF738 /* receivecall.png */,
				CA69DE441CBD40A2002FF738 /* speaker_icon36.png */,
				CA69DE451CBD40A2002FF738 /* speaker_mute.png */,
			);
			path = images;
			sourceTree = "<group>";
		};
		CAF13E531C76535F003E4988 /* images */ = {
			isa = PBXGroup;
			children = (
				CA51DE5B1C91AB6800011AAF /* maximize.png */,
				CA51DE5C1C91AB6800011AAF /* minimize.png */,
				CAF13E551C76535F003E4988 /* back_icon36.png */,
				CAF13E561C76535F003E4988 /* banner-img.png */,
				CAF13E571C76535F003E4988 /* banner.png */,
				CAF13E581C76535F003E4988 /* banner1-400.png */,
				CAF13E591C76535F003E4988 /* banner1.png */,
				CAF13E5A1C76535F003E4988 /* banner2-400.png */,
				CAF13E5B1C76535F003E4988 /* banner2.png */,
				CAF13E5C1C76535F003E4988 /* banner3-400.png */,
				CAF13E5D1C76535F003E4988 /* banner3.png */,
				CAF13E641C76535F003E4988 /* custmercare.png */,
				CAF13E651C76535F003E4988 /* custmercareimg.png */,
				CAF13E661C76535F003E4988 /* img1.jpg */,
				CAF13E671C76535F003E4988 /* img1.png */,
				CAF13E681C76535F003E4988 /* img2.png */,
				CAF13E691C76535F003E4988 /* img3.png */,
				CAF13E6A1C76535F003E4988 /* img4.png */,
				CAF13E6B1C76535F003E4988 /* img5.png */,
				CAF13E6C1C76535F003E4988 /* login-bg.png */,
				CAF13E6D1C76535F003E4988 /* login.jpg */,
				CAF13E6E1C76535F003E4988 /* logo.jpg */,
				CAF13E6F1C76535F003E4988 /* mayday-48.png */,
				CAF13E711C76535F003E4988 /* myproduct-img1.png */,
				CAF13E721C76535F003E4988 /* myproduct-img2.png */,
				CAF13E731C76535F003E4988 /* myproduct-img3.png */,
				CAF13E741C76535F003E4988 /* myproduct-img4.png */,
				CAF13E751C76535F003E4988 /* myproduct-img5.png */,
				CAF13E761C76535F003E4988 /* navbar48.png */,
				CAF13E771C76535F003E4988 /* offer-banner-tab.png */,
				CAF13E781C76535F003E4988 /* offerbanner.png */,
				CAF13E791C76535F003E4988 /* pro_img.png */,
				CAF13E7A1C76535F003E4988 /* product-img1.png */,
				CAF13E7B1C76535F003E4988 /* product-img2.png */,
				CAF13E7C1C76535F003E4988 /* product-img3.png */,
				CAF13E7D1C76535F003E4988 /* product-img4.png */,
				CAF13E811C76535F003E4988 /* search48.png */,
				CAF13E821C76535F003E4988 /* setting-icon36.png */,
				CAF13E831C76535F003E4988 /* span-logo.png */,
				CAF13E851C76535F003E4988 /* tip_icon.png */,
			);
			path = images;
			sourceTree = "<group>";
		};
		CAF6937E1C89935E00F890BD /* view_controllers */ = {
			isa = PBXGroup;
			children = (
				CAF6937F1C89935E00F890BD /* CustomerSupportViewController.h */,
				CAF693801C89935E00F890BD /* CustomerSupportViewController.m */,
				CAF693811C89935E00F890BD /* HomeViewController.h */,
				CAF693821C89935E00F890BD /* HomeViewController.m */,
				CAF693831C89935E00F890BD /* SelfHelpTipsViewController.h */,
				CAF693841C89935E00F890BD /* SelfHelpTipsViewController.m */,
				CAF693851C89935E00F890BD /* ViewController.h */,
				CAF693861C89935E00F890BD /* ViewController.mm */,
			);
			path = view_controllers;
			sourceTree = "<group>";
		};
/* End PBXGroup section */

/* Begin PBXNativeTarget section */
		CA12FF871C69D4C100D8C921 /* WEBRTC */ = {
			isa = PBXNativeTarget;
			buildConfigurationList = CA12FFB51C69D4C200D8C921 /* Build configuration list for PBXNativeTarget "WEBRTC" */;
			buildPhases = (
				CA12FF841C69D4C100D8C921 /* Sources */,
				CA12FF851C69D4C100D8C921 /* Frameworks */,
				CA12FF861C69D4C100D8C921 /* Resources */,
			);
			buildRules = (
			);
			dependencies = (
			);
			name = WEBRTC;
			productName = WEBRTC;
			productReference = CA12FF881C69D4C100D8C921 /* MayDayCustomer.app */;
			productType = "com.apple.product-type.application";
		};
		CA12FFA01C69D4C100D8C921 /* WEBRTCTests */ = {
			isa = PBXNativeTarget;
			buildConfigurationList = CA12FFB81C69D4C200D8C921 /* Build configuration list for PBXNativeTarget "WEBRTCTests" */;
			buildPhases = (
				CA12FF9D1C69D4C100D8C921 /* Sources */,
				CA12FF9E1C69D4C100D8C921 /* Frameworks */,
				CA12FF9F1C69D4C100D8C921 /* Resources */,
			);
			buildRules = (
			);
			dependencies = (
				CA12FFA31C69D4C100D8C921 /* PBXTargetDependency */,
			);
			name = WEBRTCTests;
			productName = WEBRTCTests;
			productReference = CA12FFA11C69D4C100D8C921 /* WEBRTCTests.xctest */;
			productType = "com.apple.product-type.bundle.unit-test";
		};
		CA12FFAB1C69D4C200D8C921 /* WEBRTCUITests */ = {
			isa = PBXNativeTarget;
			buildConfigurationList = CA12FFBB1C69D4C200D8C921 /* Build configuration list for PBXNativeTarget "WEBRTCUITests" */;
			buildPhases = (
				CA12FFA81C69D4C200D8C921 /* Sources */,
				CA12FFA91C69D4C200D8C921 /* Frameworks */,
				CA12FFAA1C69D4C200D8C921 /* Resources */,
			);
			buildRules = (
			);
			dependencies = (
				CA12FFAE1C69D4C200D8C921 /* PBXTargetDependency */,
			);
			name = WEBRTCUITests;
			productName = WEBRTCUITests;
			productReference = CA12FFAC1C69D4C200D8C921 /* WEBRTCUITests.xctest */;
			productType = "com.apple.product-type.bundle.ui-testing";
		};
/* End PBXNativeTarget section */

/* Begin PBXProject section */
		CA12FF801C69D4C100D8C921 /* Project object */ = {
			isa = PBXProject;
			attributes = {
				LastUpgradeCheck = 0720;
				ORGANIZATIONNAME = span;
				TargetAttributes = {
					CA12FF871C69D4C100D8C921 = {
						CreatedOnToolsVersion = 7.2;
						DevelopmentTeam = VA2TN974RP;
					};
					CA12FFA01C69D4C100D8C921 = {
						CreatedOnToolsVersion = 7.2;
						TestTargetID = CA12FF871C69D4C100D8C921;
					};
					CA12FFAB1C69D4C200D8C921 = {
						CreatedOnToolsVersion = 7.2;
						TestTargetID = CA12FF871C69D4C100D8C921;
					};
				};
			};
			buildConfigurationList = CA12FF831C69D4C100D8C921 /* Build configuration list for PBXProject "WEBRTC" */;
			compatibilityVersion = "Xcode 3.2";
			developmentRegion = English;
			hasScannedForEncodings = 0;
			knownRegions = (
				en,
				Base,
			);
			mainGroup = CA12FF7F1C69D4C100D8C921;
			productRefGroup = CA12FF891C69D4C100D8C921 /* Products */;
			projectDirPath = "";
			projectRoot = "";
			targets = (
				CA12FF871C69D4C100D8C921 /* WEBRTC */,
				CA12FFA01C69D4C100D8C921 /* WEBRTCTests */,
				CA12FFAB1C69D4C200D8C921 /* WEBRTCUITests */,
			);
		};
/* End PBXProject section */

/* Begin PBXResourcesBuildPhase section */
		CA12FF861C69D4C100D8C921 /* Resources */ = {
			isa = PBXResourcesBuildPhase;
			buildActionMask = 2147483647;
			files = (
				CAF13E981C76535F003E4988 /* custmercare.png in Resources */,
				CAF13EB01C76535F003E4988 /* product-img3.png in Resources */,
				CAF13EA51C76535F003E4988 /* myproduct-img1.png in Resources */,
				CAF13E9B1C76535F003E4988 /* img1.png in Resources */,
				CA12FF9B1C69D4C100D8C921 /* LaunchScreen.storyboard in Resources */,
				CAF13E9A1C76535F003E4988 /* img1.jpg in Resources */,
				CAF13EAC1C76535F003E4988 /* offerbanner.png in Resources */,
				CA69DE511CBD40A2002FF738 /* maximize.png in Resources */,
				CAF13EAA1C76535F003E4988 /* navbar48.png in Resources */,
				CAF13EAB1C76535F003E4988 /* offer-banner-tab.png in Resources */,
				CAF13EA91C76535F003E4988 /* myproduct-img5.png in Resources */,
				CAF13E8A1C76535F003E4988 /* banner-img.png in Resources */,
				CAF13E9D1C76535F003E4988 /* img3.png in Resources */,
				CAF13E9C1C76535F003E4988 /* img2.png in Resources */,
				CA69DE531CBD40A2002FF738 /* minimize.png in Resources */,
				CAF13E991C76535F003E4988 /* custmercareimg.png in Resources */,
				CAF13EA31C76535F003E4988 /* mayday-48.png in Resources */,
				CAF13E8C1C76535F003E4988 /* banner1-400.png in Resources */,
				CAF13EAF1C76535F003E4988 /* product-img2.png in Resources */,
				CA69DE541CBD40A2002FF738 /* receivecall.png in Resources */,
				CA12FF981C69D4C100D8C921 /* Assets.xcassets in Resources */,
				CAF13EB51C76535F003E4988 /* search48.png in Resources */,
				CAF13EA01C76535F003E4988 /* login-bg.png in Resources */,
				CA12FF961C69D4C100D8C921 /* Main.storyboard in Resources */,
				CAF13EA21C76535F003E4988 /* logo.jpg in Resources */,
				CA69DE4E1CBD40A2002FF738 /* chat_close.png in Resources */,
				CAF13EB11C76535F003E4988 /* product-img4.png in Resources */,
				CA51DE5D1C91AB6800011AAF /* maximize.png in Resources */,
				CA69DE4F1CBD40A2002FF738 /* chat_maximize.png in Resources */,
				CAF13EA61C76535F003E4988 /* myproduct-img2.png in Resources */,
				CAF13E891C76535F003E4988 /* back_icon36.png in Resources */,
				CAF13E8E1C76535F003E4988 /* banner2-400.png in Resources */,
				CAF13EB61C76535F003E4988 /* setting-icon36.png in Resources */,
				CA12FFE51C69F34400D8C921 /* ringing.mp3 in Resources */,
				CAF13E8B1C76535F003E4988 /* banner.png in Resources */,
				CAF13E9F1C76535F003E4988 /* img5.png in Resources */,
				CA69DE5A1CBD40A2002FF738 /* VideoChatView.xib in Resources */,
				CAF13E911C76535F003E4988 /* banner3.png in Resources */,
				CAF13EAE1C76535F003E4988 /* product-img1.png in Resources */,
				CA69DE4D1CBD40A2002FF738 /* call_icon36.png in Resources */,
				CAF13E8F1C76535F003E4988 /* banner2.png in Resources */,
				CA69DE561CBD40A2002FF738 /* speaker_mute.png in Resources */,
				CA51DE5E1C91AB6800011AAF /* minimize.png in Resources */,
				CAF13EA71C76535F003E4988 /* myproduct-img3.png in Resources */,
				CA69DE551CBD40A2002FF738 /* speaker_icon36.png in Resources */,
				CA69DE501CBD40A2002FF738 /* chat_minimize.png in Resources */,
				CAF13EB71C76535F003E4988 /* span-logo.png in Resources */,
				CAF13EB91C76535F003E4988 /* tip_icon.png in Resources */,
				CAF13EAD1C76535F003E4988 /* pro_img.png in Resources */,
				CAF13E901C76535F003E4988 /* banner3-400.png in Resources */,
				CA69DE521CBD40A2002FF738 /* message_send.png in Resources */,
				CAF13E8D1C76535F003E4988 /* banner1.png in Resources */,
				CAF13EA81C76535F003E4988 /* myproduct-img4.png in Resources */,
				CAF13EA11C76535F003E4988 /* login.jpg in Resources */,
				CAF13E9E1C76535F003E4988 /* img4.png in Resources */,
				CA12FFE31C69F34400D8C921 /* calling.mp3 in Resources */,
				CA12FFE41C69F34400D8C921 /* message.mp3 in Resources */,
				CA69DE571CBD40A2002FF738 /* InstantMessageView.xib in Resources */,
			);
			runOnlyForDeploymentPostprocessing = 0;
		};
		CA12FF9F1C69D4C100D8C921 /* Resources */ = {
			isa = PBXResourcesBuildPhase;
			buildActionMask = 2147483647;
			files = (
			);
			runOnlyForDeploymentPostprocessing = 0;
		};
		CA12FFAA1C69D4C200D8C921 /* Resources */ = {
			isa = PBXResourcesBuildPhase;
			buildActionMask = 2147483647;
			files = (
			);
			runOnlyForDeploymentPostprocessing = 0;
		};
/* End PBXResourcesBuildPhase section */

/* Begin PBXSourcesBuildPhase section */
		CA12FF841C69D4C100D8C921 /* Sources */ = {
			isa = PBXSourcesBuildPhase;
			buildActionMask = 2147483647;
			files = (
				CAF6938D1C89935E00F890BD /* SelfHelpTipsViewController.m in Sources */,
				CA69DE4C1CBD40A2002FF738 /* ARDVideoCallView.m in Sources */,
				CA69DE581CBD40A2002FF738 /* RCCustomChatAndVideoView.m in Sources */,
				CA69DE591CBD40A2002FF738 /* RCManager.m in Sources */,
				CA12FF901C69D4C100D8C921 /* AppDelegate.m in Sources */,
				CAF6938B1C89935E00F890BD /* CustomerSupportViewController.m in Sources */,
				CA12FF8D1C69D4C100D8C921 /* main.m in Sources */,
				CAF6938C1C89935E00F890BD /* HomeViewController.m in Sources */,
				CAF6938E1C89935E00F890BD /* ViewController.mm in Sources */,
			);
			runOnlyForDeploymentPostprocessing = 0;
		};
		CA12FF9D1C69D4C100D8C921 /* Sources */ = {
			isa = PBXSourcesBuildPhase;
			buildActionMask = 2147483647;
			files = (
				CA12FFA61C69D4C100D8C921 /* WEBRTCTests.m in Sources */,
			);
			runOnlyForDeploymentPostprocessing = 0;
		};
		CA12FFA81C69D4C200D8C921 /* Sources */ = {
			isa = PBXSourcesBuildPhase;
			buildActionMask = 2147483647;
			files = (
				CA12FFB11C69D4C200D8C921 /* WEBRTCUITests.m in Sources */,
			);
			runOnlyForDeploymentPostprocessing = 0;
		};
/* End PBXSourcesBuildPhase section */

/* Begin PBXTargetDependency section */
		CA12FFA31C69D4C100D8C921 /* PBXTargetDependency */ = {
			isa = PBXTargetDependency;
			target = CA12FF871C69D4C100D8C921 /* WEBRTC */;
			targetProxy = CA12FFA21C69D4C100D8C921 /* PBXContainerItemProxy */;
		};
		CA12FFAE1C69D4C200D8C921 /* PBXTargetDependency */ = {
			isa = PBXTargetDependency;
			target = CA12FF871C69D4C100D8C921 /* WEBRTC */;
			targetProxy = CA12FFAD1C69D4C200D8C921 /* PBXContainerItemProxy */;
		};
/* End PBXTargetDependency section */

/* Begin PBXVariantGroup section */
		CA12FF941C69D4C100D8C921 /* Main.storyboard */ = {
			isa = PBXVariantGroup;
			children = (
				CA12FF951C69D4C100D8C921 /* Base */,
			);
			name = Main.storyboard;
			sourceTree = "<group>";
		};
		CA12FF991C69D4C100D8C921 /* LaunchScreen.storyboard */ = {
			isa = PBXVariantGroup;
			children = (
				CA12FF9A1C69D4C100D8C921 /* Base */,
			);
			name = LaunchScreen.storyboard;
			sourceTree = "<group>";
		};
/* End PBXVariantGroup section */

/* Begin XCBuildConfiguration section */
		CA12FFB31C69D4C200D8C921 /* Debug */ = {
			isa = XCBuildConfiguration;
			buildSettings = {
				ALWAYS_SEARCH_USER_PATHS = NO;
				CLANG_CXX_LANGUAGE_STANDARD = "gnu++0x";
				CLANG_CXX_LIBRARY = "libc++";
				CLANG_ENABLE_MODULES = YES;
				CLANG_ENABLE_OBJC_ARC = YES;
				CLANG_WARN_BOOL_CONVERSION = YES;
				CLANG_WARN_CONSTANT_CONVERSION = YES;
				CLANG_WARN_DIRECT_OBJC_ISA_USAGE = YES_ERROR;
				CLANG_WARN_EMPTY_BODY = YES;
				CLANG_WARN_ENUM_CONVERSION = YES;
				CLANG_WARN_INT_CONVERSION = YES;
				CLANG_WARN_OBJC_ROOT_CLASS = YES_ERROR;
				CLANG_WARN_UNREACHABLE_CODE = YES;
				CLANG_WARN__DUPLICATE_METHOD_MATCH = YES;
				"CODE_SIGN_IDENTITY[sdk=iphoneos*]" = "iPhone Developer";
				COPY_PHASE_STRIP = NO;
				DEBUG_INFORMATION_FORMAT = dwarf;
				ENABLE_STRICT_OBJC_MSGSEND = YES;
				ENABLE_TESTABILITY = YES;
				GCC_C_LANGUAGE_STANDARD = gnu99;
				GCC_DYNAMIC_NO_PIC = NO;
				GCC_NO_COMMON_BLOCKS = YES;
				GCC_OPTIMIZATION_LEVEL = 0;
				GCC_PREPROCESSOR_DEFINITIONS = (
					"DEBUG=1",
					"$(inherited)",
				);
				GCC_WARN_64_TO_32_BIT_CONVERSION = YES;
				GCC_WARN_ABOUT_RETURN_TYPE = YES_ERROR;
				GCC_WARN_UNDECLARED_SELECTOR = YES;
				GCC_WARN_UNINITIALIZED_AUTOS = YES_AGGRESSIVE;
				GCC_WARN_UNUSED_FUNCTION = YES;
				GCC_WARN_UNUSED_VARIABLE = YES;
				IPHONEOS_DEPLOYMENT_TARGET = 9.2;
				MTL_ENABLE_DEBUG_INFO = YES;
				ONLY_ACTIVE_ARCH = YES;
				SDKROOT = iphoneos;
			};
			name = Debug;
		};
		CA12FFB41C69D4C200D8C921 /* Release */ = {
			isa = XCBuildConfiguration;
			buildSettings = {
				ALWAYS_SEARCH_USER_PATHS = NO;
				CLANG_CXX_LANGUAGE_STANDARD = "gnu++0x";
				CLANG_CXX_LIBRARY = "libc++";
				CLANG_ENABLE_MODULES = YES;
				CLANG_ENABLE_OBJC_ARC = YES;
				CLANG_WARN_BOOL_CONVERSION = YES;
				CLANG_WARN_CONSTANT_CONVERSION = YES;
				CLANG_WARN_DIRECT_OBJC_ISA_USAGE = YES_ERROR;
				CLANG_WARN_EMPTY_BODY = YES;
				CLANG_WARN_ENUM_CONVERSION = YES;
				CLANG_WARN_INT_CONVERSION = YES;
				CLANG_WARN_OBJC_ROOT_CLASS = YES_ERROR;
				CLANG_WARN_UNREACHABLE_CODE = YES;
				CLANG_WARN__DUPLICATE_METHOD_MATCH = YES;
				"CODE_SIGN_IDENTITY[sdk=iphoneos*]" = "iPhone Developer";
				COPY_PHASE_STRIP = NO;
				DEBUG_INFORMATION_FORMAT = "dwarf-with-dsym";
				ENABLE_NS_ASSERTIONS = NO;
				ENABLE_STRICT_OBJC_MSGSEND = YES;
				GCC_C_LANGUAGE_STANDARD = gnu99;
				GCC_NO_COMMON_BLOCKS = YES;
				GCC_WARN_64_TO_32_BIT_CONVERSION = YES;
				GCC_WARN_ABOUT_RETURN_TYPE = YES_ERROR;
				GCC_WARN_UNDECLARED_SELECTOR = YES;
				GCC_WARN_UNINITIALIZED_AUTOS = YES_AGGRESSIVE;
				GCC_WARN_UNUSED_FUNCTION = YES;
				GCC_WARN_UNUSED_VARIABLE = YES;
				IPHONEOS_DEPLOYMENT_TARGET = 9.2;
				MTL_ENABLE_DEBUG_INFO = NO;
				SDKROOT = iphoneos;
				VALIDATE_PRODUCT = YES;
			};
			name = Release;
		};
		CA12FFB61C69D4C200D8C921 /* Debug */ = {
			isa = XCBuildConfiguration;
			buildSettings = {
				ASSETCATALOG_COMPILER_APPICON_NAME = AppIcon;
				CODE_SIGN_IDENTITY = "iPhone Developer: Jussi Tuuri (2ZQT933TSS)";
				"CODE_SIGN_IDENTITY[sdk=iphoneos*]" = "iPhone Developer: Jussi Tuuri (2ZQT933TSS)";
				ENABLE_BITCODE = NO;
				FRAMEWORK_SEARCH_PATHS = (
					"$(inherited)",
					"$(PROJECT_DIR)",
				);
				HEADER_SEARCH_PATHS = (
					$SOURCE_ROOT/../../dependencies/packages/RestCommClientLib/include/RestCommClient,
					$SOURCE_ROOT/../../dependencies/packages/webrtc/include,
				);
				INFOPLIST_FILE = WEBRTC/Info.plist;
				IPHONEOS_DEPLOYMENT_TARGET = 7.0;
				LD_RUNPATH_SEARCH_PATHS = "$(inherited) @executable_path/Frameworks";
				LIBRARY_SEARCH_PATHS = (
					"$(inherited)",
					"$(PROJECT_DIR)/WEBRTC/TestFairy",
					"$(PROJECT_DIR)/../../dependencies/packages/openssl-1.0.1i/lib",
					"$(PROJECT_DIR)/../../dependencies/packages/RestCommClientLib",
					"$(PROJECT_DIR)/../../dependencies/packages/sofia-sip-1.12.11/lib",
					"$(PROJECT_DIR)/../../dependencies/packages/webrtc",
					"$(PROJECT_DIR)/TestFairy",
					"$(PROJECT_DIR)/frmaworks/TestFairy",
				);
				OTHER_LDFLAGS = "-ObjC";
				PRODUCT_BUNDLE_IDENTIFIER = com.span.WEBRTC;
				PRODUCT_NAME = MayDayCustomer;
				PROVISIONING_PROFILE = "";
				TARGETED_DEVICE_FAMILY = "1,2";
			};
			name = Debug;
		};
		CA12FFB71C69D4C200D8C921 /* Release */ = {
			isa = XCBuildConfiguration;
			buildSettings = {
				ASSETCATALOG_COMPILER_APPICON_NAME = AppIcon;
				CODE_SIGN_IDENTITY = "iPhone Developer: Jussi Tuuri (2ZQT933TSS)";
				"CODE_SIGN_IDENTITY[sdk=iphoneos*]" = "iPhone Developer: Jussi Tuuri (2ZQT933TSS)";
				ENABLE_BITCODE = NO;
				FRAMEWORK_SEARCH_PATHS = (
					"$(inherited)",
					"$(PROJECT_DIR)",
				);
				HEADER_SEARCH_PATHS = (
					$SOURCE_ROOT/../../dependencies/packages/RestCommClientLib/include/RestCommClient,
					$SOURCE_ROOT/../../dependencies/packages/webrtc/include,
				);
				INFOPLIST_FILE = WEBRTC/Info.plist;
				IPHONEOS_DEPLOYMENT_TARGET = 7.0;
				LD_RUNPATH_SEARCH_PATHS = "$(inherited) @executable_path/Frameworks";
				LIBRARY_SEARCH_PATHS = (
					"$(inherited)",
					"$(PROJECT_DIR)/WEBRTC/TestFairy",
					"$(PROJECT_DIR)/../../dependencies/packages/openssl-1.0.1i/lib",
					"$(PROJECT_DIR)/../../dependencies/packages/RestCommClientLib",
					"$(PROJECT_DIR)/../../dependencies/packages/sofia-sip-1.12.11/lib",
					"$(PROJECT_DIR)/../../dependencies/packages/webrtc",
					"$(PROJECT_DIR)/TestFairy",
					"$(PROJECT_DIR)/frmaworks/TestFairy",
				);
				OTHER_LDFLAGS = "-ObjC";
				PRODUCT_BUNDLE_IDENTIFIER = com.span.WEBRTC;
				PRODUCT_NAME = MayDayCustomer;
				PROVISIONING_PROFILE = "";
				TARGETED_DEVICE_FAMILY = "1,2";
			};
			name = Release;
		};
		CA12FFB91C69D4C200D8C921 /* Debug */ = {
			isa = XCBuildConfiguration;
			buildSettings = {
				BUNDLE_LOADER = "$(TEST_HOST)";
				INFOPLIST_FILE = WEBRTCTests/Info.plist;
				LD_RUNPATH_SEARCH_PATHS = "$(inherited) @executable_path/Frameworks @loader_path/Frameworks";
				PRODUCT_BUNDLE_IDENTIFIER = com.span.WEBRTCTests;
				PRODUCT_NAME = "$(TARGET_NAME)";
				TEST_HOST = "$(BUILT_PRODUCTS_DIR)/WEBRTC.app/WEBRTC";
			};
			name = Debug;
		};
		CA12FFBA1C69D4C200D8C921 /* Release */ = {
			isa = XCBuildConfiguration;
			buildSettings = {
				BUNDLE_LOADER = "$(TEST_HOST)";
				INFOPLIST_FILE = WEBRTCTests/Info.plist;
				LD_RUNPATH_SEARCH_PATHS = "$(inherited) @executable_path/Frameworks @loader_path/Frameworks";
				PRODUCT_BUNDLE_IDENTIFIER = com.span.WEBRTCTests;
				PRODUCT_NAME = "$(TARGET_NAME)";
				TEST_HOST = "$(BUILT_PRODUCTS_DIR)/WEBRTC.app/WEBRTC";
			};
			name = Release;
		};
		CA12FFBC1C69D4C200D8C921 /* Debug */ = {
			isa = XCBuildConfiguration;
			buildSettings = {
				INFOPLIST_FILE = WEBRTCUITests/Info.plist;
				LD_RUNPATH_SEARCH_PATHS = "$(inherited) @executable_path/Frameworks @loader_path/Frameworks";
				PRODUCT_BUNDLE_IDENTIFIER = com.span.WEBRTCUITests;
				PRODUCT_NAME = "$(TARGET_NAME)";
				TEST_TARGET_NAME = WEBRTC;
				USES_XCTRUNNER = YES;
			};
			name = Debug;
		};
		CA12FFBD1C69D4C200D8C921 /* Release */ = {
			isa = XCBuildConfiguration;
			buildSettings = {
				INFOPLIST_FILE = WEBRTCUITests/Info.plist;
				LD_RUNPATH_SEARCH_PATHS = "$(inherited) @executable_path/Frameworks @loader_path/Frameworks";
				PRODUCT_BUNDLE_IDENTIFIER = com.span.WEBRTCUITests;
				PRODUCT_NAME = "$(TARGET_NAME)";
				TEST_TARGET_NAME = WEBRTC;
				USES_XCTRUNNER = YES;
			};
			name = Release;
		};
/* End XCBuildConfiguration section */

/* Begin XCConfigurationList section */
		CA12FF831C69D4C100D8C921 /* Build configuration list for PBXProject "WEBRTC" */ = {
			isa = XCConfigurationList;
			buildConfigurations = (
				CA12FFB31C69D4C200D8C921 /* Debug */,
				CA12FFB41C69D4C200D8C921 /* Release */,
			);
			defaultConfigurationIsVisible = 0;
			defaultConfigurationName = Release;
		};
		CA12FFB51C69D4C200D8C921 /* Build configuration list for PBXNativeTarget "WEBRTC" */ = {
			isa = XCConfigurationList;
			buildConfigurations = (
				CA12FFB61C69D4C200D8C921 /* Debug */,
				CA12FFB71C69D4C200D8C921 /* Release */,
			);
			defaultConfigurationIsVisible = 0;
			defaultConfigurationName = Release;
		};
		CA12FFB81C69D4C200D8C921 /* Build configuration list for PBXNativeTarget "WEBRTCTests" */ = {
			isa = XCConfigurationList;
			buildConfigurations = (
				CA12FFB91C69D4C200D8C921 /* Debug */,
				CA12FFBA1C69D4C200D8C921 /* Release */,
			);
			defaultConfigurationIsVisible = 0;
			defaultConfigurationName = Release;
		};
		CA12FFBB1C69D4C200D8C921 /* Build configuration list for PBXNativeTarget "WEBRTCUITests" */ = {
			isa = XCConfigurationList;
			buildConfigurations = (
				CA12FFBC1C69D4C200D8C921 /* Debug */,
				CA12FFBD1C69D4C200D8C921 /* Release */,
			);
			defaultConfigurationIsVisible = 0;
			defaultConfigurationName = Release;
		};
/* End XCConfigurationList section */
	};
	rootObject = CA12FF801C69D4C100D8C921 /* Project object */;
}
